// !$*UTF8*$!
{
	archiveVersion = 1;
	classes = {
	};
	objectVersion = 46;
	objects = {

/* Begin PBXBuildFile section */
		020446461FBC323E009C5B0B /* d_aini@2x.png in Resources */ = {isa = PBXBuildFile; fileRef = 020446041FBC323E009C5B0B /* d_aini@2x.png */; };
		020446471FBC323E009C5B0B /* d_aoteman@2x.png in Resources */ = {isa = PBXBuildFile; fileRef = 020446051FBC323E009C5B0B /* d_aoteman@2x.png */; };
		020446481FBC323E009C5B0B /* d_baibai@2x.png in Resources */ = {isa = PBXBuildFile; fileRef = 020446061FBC323E009C5B0B /* d_baibai@2x.png */; };
		020446491FBC323E009C5B0B /* d_beishang@2x.png in Resources */ = {isa = PBXBuildFile; fileRef = 020446071FBC323E009C5B0B /* d_beishang@2x.png */; };
		0204464A1FBC323E009C5B0B /* d_bishi@2x.png in Resources */ = {isa = PBXBuildFile; fileRef = 020446081FBC323E009C5B0B /* d_bishi@2x.png */; };
		0204464B1FBC323E009C5B0B /* d_bizui@2x.png in Resources */ = {isa = PBXBuildFile; fileRef = 020446091FBC323E009C5B0B /* d_bizui@2x.png */; };
		0204464C1FBC323E009C5B0B /* d_chanzui@2x.png in Resources */ = {isa = PBXBuildFile; fileRef = 0204460A1FBC323E009C5B0B /* d_chanzui@2x.png */; };
		0204464D1FBC323E009C5B0B /* d_chijing@2x.png in Resources */ = {isa = PBXBuildFile; fileRef = 0204460B1FBC323E009C5B0B /* d_chijing@2x.png */; };
		0204464E1FBC323E009C5B0B /* d_dahaqi@2x.png in Resources */ = {isa = PBXBuildFile; fileRef = 0204460C1FBC323E009C5B0B /* d_dahaqi@2x.png */; };
		0204464F1FBC323E009C5B0B /* d_dalian@2x.png in Resources */ = {isa = PBXBuildFile; fileRef = 0204460D1FBC323E009C5B0B /* d_dalian@2x.png */; };
		020446501FBC323E009C5B0B /* d_ding@2x.png in Resources */ = {isa = PBXBuildFile; fileRef = 0204460E1FBC323E009C5B0B /* d_ding@2x.png */; };
		020446511FBC323E009C5B0B /* d_doge@2x.png in Resources */ = {isa = PBXBuildFile; fileRef = 0204460F1FBC323E009C5B0B /* d_doge@2x.png */; };
		020446521FBC323E009C5B0B /* d_fangdumianju@2x.png in Resources */ = {isa = PBXBuildFile; fileRef = 020446101FBC323E009C5B0B /* d_fangdumianju@2x.png */; };
		020446531FBC323E009C5B0B /* d_feizao@2x.png in Resources */ = {isa = PBXBuildFile; fileRef = 020446111FBC323E009C5B0B /* d_feizao@2x.png */; };
		020446541FBC323E009C5B0B /* d_ganmao@2x.png in Resources */ = {isa = PBXBuildFile; fileRef = 020446121FBC323E009C5B0B /* d_ganmao@2x.png */; };
		020446551FBC323E009C5B0B /* d_guzhang@2x.png in Resources */ = {isa = PBXBuildFile; fileRef = 020446131FBC323E009C5B0B /* d_guzhang@2x.png */; };
		020446561FBC323E009C5B0B /* d_haha@2x.png in Resources */ = {isa = PBXBuildFile; fileRef = 020446141FBC323E009C5B0B /* d_haha@2x.png */; };
		020446571FBC323E009C5B0B /* d_haixiu@2x.png in Resources */ = {isa = PBXBuildFile; fileRef = 020446151FBC323E009C5B0B /* d_haixiu@2x.png */; };
		020446581FBC323E009C5B0B /* d_han@2x.png in Resources */ = {isa = PBXBuildFile; fileRef = 020446161FBC323E009C5B0B /* d_han@2x.png */; };
		020446591FBC323E009C5B0B /* d_hehe@2x.png in Resources */ = {isa = PBXBuildFile; fileRef = 020446171FBC323E009C5B0B /* d_hehe@2x.png */; };
		0204465A1FBC323E009C5B0B /* d_heixian@2x.png in Resources */ = {isa = PBXBuildFile; fileRef = 020446181FBC323E009C5B0B /* d_heixian@2x.png */; };
		0204465B1FBC323E009C5B0B /* d_heng@2x.png in Resources */ = {isa = PBXBuildFile; fileRef = 020446191FBC323E009C5B0B /* d_heng@2x.png */; };
		0204465C1FBC323E009C5B0B /* d_huaxin@2x.png in Resources */ = {isa = PBXBuildFile; fileRef = 0204461A1FBC323E009C5B0B /* d_huaxin@2x.png */; };
		0204465D1FBC323E009C5B0B /* d_jiyan@2x.png in Resources */ = {isa = PBXBuildFile; fileRef = 0204461B1FBC323E009C5B0B /* d_jiyan@2x.png */; };
		0204465E1FBC323E009C5B0B /* d_keai@2x.png in Resources */ = {isa = PBXBuildFile; fileRef = 0204461C1FBC323E009C5B0B /* d_keai@2x.png */; };
		0204465F1FBC323E009C5B0B /* d_kelian@2x.png in Resources */ = {isa = PBXBuildFile; fileRef = 0204461D1FBC323E009C5B0B /* d_kelian@2x.png */; };
		020446601FBC323E009C5B0B /* d_ku@2x.png in Resources */ = {isa = PBXBuildFile; fileRef = 0204461E1FBC323E009C5B0B /* d_ku@2x.png */; };
		020446611FBC323E009C5B0B /* d_kun@2x.png in Resources */ = {isa = PBXBuildFile; fileRef = 0204461F1FBC323E009C5B0B /* d_kun@2x.png */; };
		020446621FBC323E009C5B0B /* d_landelini@2x.png in Resources */ = {isa = PBXBuildFile; fileRef = 020446201FBC323E009C5B0B /* d_landelini@2x.png */; };
		020446631FBC323E009C5B0B /* d_lang@2x.png in Resources */ = {isa = PBXBuildFile; fileRef = 020446211FBC323E009C5B0B /* d_lang@2x.png */; };
		020446641FBC323E009C5B0B /* d_lei@2x.png in Resources */ = {isa = PBXBuildFile; fileRef = 020446221FBC323E009C5B0B /* d_lei@2x.png */; };
		020446651FBC323E009C5B0B /* d_miao@2x.png in Resources */ = {isa = PBXBuildFile; fileRef = 020446231FBC323E009C5B0B /* d_miao@2x.png */; };
		020446661FBC323E009C5B0B /* d_nanhaier@2x.png in Resources */ = {isa = PBXBuildFile; fileRef = 020446241FBC323E009C5B0B /* d_nanhaier@2x.png */; };
		020446671FBC323E009C5B0B /* d_nu@2x.png in Resources */ = {isa = PBXBuildFile; fileRef = 020446251FBC323E009C5B0B /* d_nu@2x.png */; };
		020446681FBC323E009C5B0B /* d_numa@2x.png in Resources */ = {isa = PBXBuildFile; fileRef = 020446261FBC323E009C5B0B /* d_numa@2x.png */; };
		020446691FBC323E009C5B0B /* d_nvhaier@2x.png in Resources */ = {isa = PBXBuildFile; fileRef = 020446271FBC323E009C5B0B /* d_nvhaier@2x.png */; };
		0204466A1FBC323E009C5B0B /* d_qian@2x.png in Resources */ = {isa = PBXBuildFile; fileRef = 020446281FBC323E009C5B0B /* d_qian@2x.png */; };
		0204466B1FBC323E009C5B0B /* d_qinqin@2x.png in Resources */ = {isa = PBXBuildFile; fileRef = 020446291FBC323E009C5B0B /* d_qinqin@2x.png */; };
		0204466C1FBC323E009C5B0B /* d_shayan@2x.png in Resources */ = {isa = PBXBuildFile; fileRef = 0204462A1FBC323E009C5B0B /* d_shayan@2x.png */; };
		0204466D1FBC323E009C5B0B /* d_shengbing@2x.png in Resources */ = {isa = PBXBuildFile; fileRef = 0204462B1FBC323E009C5B0B /* d_shengbing@2x.png */; };
		0204466E1FBC323E009C5B0B /* d_shenshou@2x.png in Resources */ = {isa = PBXBuildFile; fileRef = 0204462C1FBC323E009C5B0B /* d_shenshou@2x.png */; };
		0204466F1FBC323E009C5B0B /* d_shiwang@2x.png in Resources */ = {isa = PBXBuildFile; fileRef = 0204462D1FBC323E009C5B0B /* d_shiwang@2x.png */; };
		020446701FBC323E009C5B0B /* d_shuai@2x.png in Resources */ = {isa = PBXBuildFile; fileRef = 0204462E1FBC323E009C5B0B /* d_shuai@2x.png */; };
		020446711FBC323E009C5B0B /* d_shuijiao@2x.png in Resources */ = {isa = PBXBuildFile; fileRef = 0204462F1FBC323E009C5B0B /* d_shuijiao@2x.png */; };
		020446721FBC323E009C5B0B /* d_sikao@2x.png in Resources */ = {isa = PBXBuildFile; fileRef = 020446301FBC323E009C5B0B /* d_sikao@2x.png */; };
		020446731FBC323E009C5B0B /* d_taikaixin@2x.png in Resources */ = {isa = PBXBuildFile; fileRef = 020446311FBC323E009C5B0B /* d_taikaixin@2x.png */; };
		020446741FBC323E009C5B0B /* d_touxiao@2x.png in Resources */ = {isa = PBXBuildFile; fileRef = 020446321FBC323E009C5B0B /* d_touxiao@2x.png */; };
		020446751FBC323E009C5B0B /* d_travel@2x.png in Resources */ = {isa = PBXBuildFile; fileRef = 020446331FBC323E009C5B0B /* d_travel@2x.png */; };
		020446761FBC323E009C5B0B /* d_tu@2x.png in Resources */ = {isa = PBXBuildFile; fileRef = 020446341FBC323E009C5B0B /* d_tu@2x.png */; };
		020446771FBC323E009C5B0B /* d_tuzi@2x.png in Resources */ = {isa = PBXBuildFile; fileRef = 020446351FBC323E009C5B0B /* d_tuzi@2x.png */; };
		020446781FBC323E009C5B0B /* d_wabishi@2x.png in Resources */ = {isa = PBXBuildFile; fileRef = 020446361FBC323E009C5B0B /* d_wabishi@2x.png */; };
		020446791FBC323E009C5B0B /* d_weiqu@2x.png in Resources */ = {isa = PBXBuildFile; fileRef = 020446371FBC323E009C5B0B /* d_weiqu@2x.png */; };
		0204467A1FBC323E009C5B0B /* d_xiaoku@2x.png in Resources */ = {isa = PBXBuildFile; fileRef = 020446381FBC323E009C5B0B /* d_xiaoku@2x.png */; };
		0204467B1FBC323E009C5B0B /* d_xiongmao@2x.png in Resources */ = {isa = PBXBuildFile; fileRef = 020446391FBC323E009C5B0B /* d_xiongmao@2x.png */; };
		0204467C1FBC323E009C5B0B /* d_xixi@2x.png in Resources */ = {isa = PBXBuildFile; fileRef = 0204463A1FBC323E009C5B0B /* d_xixi@2x.png */; };
		0204467D1FBC323E009C5B0B /* d_xu@2x.png in Resources */ = {isa = PBXBuildFile; fileRef = 0204463B1FBC323E009C5B0B /* d_xu@2x.png */; };
		0204467E1FBC323E009C5B0B /* d_yinxian@2x.png in Resources */ = {isa = PBXBuildFile; fileRef = 0204463C1FBC323E009C5B0B /* d_yinxian@2x.png */; };
		0204467F1FBC323E009C5B0B /* d_yiwen@2x.png in Resources */ = {isa = PBXBuildFile; fileRef = 0204463D1FBC323E009C5B0B /* d_yiwen@2x.png */; };
		020446801FBC323E009C5B0B /* d_youhengheng@2x.png in Resources */ = {isa = PBXBuildFile; fileRef = 0204463E1FBC323E009C5B0B /* d_youhengheng@2x.png */; };
		020446811FBC323E009C5B0B /* d_yun@2x.png in Resources */ = {isa = PBXBuildFile; fileRef = 0204463F1FBC323E009C5B0B /* d_yun@2x.png */; };
		020446821FBC323E009C5B0B /* d_zhuakuang@2x.png in Resources */ = {isa = PBXBuildFile; fileRef = 020446401FBC323E009C5B0B /* d_zhuakuang@2x.png */; };
		020446831FBC323E009C5B0B /* d_zhutou@2x.png in Resources */ = {isa = PBXBuildFile; fileRef = 020446411FBC323E009C5B0B /* d_zhutou@2x.png */; };
		020446841FBC323E009C5B0B /* d_zuiyou@2x.png in Resources */ = {isa = PBXBuildFile; fileRef = 020446421FBC323E009C5B0B /* d_zuiyou@2x.png */; };
		020446851FBC323E009C5B0B /* d_zuohengheng@2x.png in Resources */ = {isa = PBXBuildFile; fileRef = 020446431FBC323E009C5B0B /* d_zuohengheng@2x.png */; };
		020446861FBC323E009C5B0B /* ZJEmoji.swift in Sources */ = {isa = PBXBuildFile; fileRef = 020446441FBC323E009C5B0B /* ZJEmoji.swift */; };
		020446871FBC323E009C5B0B /* ZJTextAttachment.swift in Sources */ = {isa = PBXBuildFile; fileRef = 020446451FBC323E009C5B0B /* ZJTextAttachment.swift */; };
		0204468A1FBC3B28009C5B0B /* FaceCollCell.swift in Sources */ = {isa = PBXBuildFile; fileRef = 020446881FBC3B28009C5B0B /* FaceCollCell.swift */; };
		0204468B1FBC3B28009C5B0B /* FaceCollCell.xib in Resources */ = {isa = PBXBuildFile; fileRef = 020446891FBC3B28009C5B0B /* FaceCollCell.xib */; };
		0204468E1FBC3B57009C5B0B /* OtherCollCell.swift in Sources */ = {isa = PBXBuildFile; fileRef = 0204468C1FBC3B57009C5B0B /* OtherCollCell.swift */; };
		0204468F1FBC3B57009C5B0B /* OtherCollCell.xib in Resources */ = {isa = PBXBuildFile; fileRef = 0204468D1FBC3B57009C5B0B /* OtherCollCell.xib */; };
		020DBF911FBB038100BB3E15 /* amrFileCodec.m in Sources */ = {isa = PBXBuildFile; fileRef = 020DBF811FBB038100BB3E15 /* amrFileCodec.m */; };
		020DBF921FBB038100BB3E15 /* AudioAmrUtil.m in Sources */ = {isa = PBXBuildFile; fileRef = 020DBF831FBB038100BB3E15 /* AudioAmrUtil.m */; };
		020DBF931FBB038100BB3E15 /* AudioManager.m in Sources */ = {isa = PBXBuildFile; fileRef = 020DBF851FBB038100BB3E15 /* AudioManager.m */; };
		020DBF941FBB038100BB3E15 /* libopencore-amrnb.a in Frameworks */ = {isa = PBXBuildFile; fileRef = 020DBF8F1FBB038100BB3E15 /* libopencore-amrnb.a */; };
		020DBF951FBB038100BB3E15 /* libopencore-amrwb.a in Frameworks */ = {isa = PBXBuildFile; fileRef = 020DBF901FBB038100BB3E15 /* libopencore-amrwb.a */; };
		020DBF9E1FBB040500BB3E15 /* AudioRecordView.m in Sources */ = {isa = PBXBuildFile; fileRef = 020DBF981FBB040400BB3E15 /* AudioRecordView.m */; };
		020DBF9F1FBB040500BB3E15 /* AudioVolumeView.m in Sources */ = {isa = PBXBuildFile; fileRef = 020DBF9A1FBB040400BB3E15 /* AudioVolumeView.m */; };
		020DBFA01FBB040500BB3E15 /* UIColor+Expanded.m in Sources */ = {isa = PBXBuildFile; fileRef = 020DBF9D1FBB040400BB3E15 /* UIColor+Expanded.m */; };
		020DBFA31FBB070F00BB3E15 /* NSString+Common.m in Sources */ = {isa = PBXBuildFile; fileRef = 020DBFA11FBB070F00BB3E15 /* NSString+Common.m */; };
		0260CCF81FBD274E0031E27E /* ChatViewController.swift in Sources */ = {isa = PBXBuildFile; fileRef = 0260CCF61FBD274E0031E27E /* ChatViewController.swift */; };
		0260CCF91FBD274E0031E27E /* ChatViewController.xib in Resources */ = {isa = PBXBuildFile; fileRef = 0260CCF71FBD274E0031E27E /* ChatViewController.xib */; };
		29350FC61D5C9C2245FEFDD5 /* Pods_ZJInputBar_Swift.framework in Frameworks */ = {isa = PBXBuildFile; fileRef = 15C525B584484C581FE4E2DF /* Pods_ZJInputBar_Swift.framework */; };
		3F77863C1C8D101500A50A85 /* AppDelegate.swift in Sources */ = {isa = PBXBuildFile; fileRef = 3F77863B1C8D101500A50A85 /* AppDelegate.swift */; };
		3F77863E1C8D101500A50A85 /* ViewController.swift in Sources */ = {isa = PBXBuildFile; fileRef = 3F77863D1C8D101500A50A85 /* ViewController.swift */; };
		3F7786411C8D101500A50A85 /* Main.storyboard in Resources */ = {isa = PBXBuildFile; fileRef = 3F77863F1C8D101500A50A85 /* Main.storyboard */; };
		3F7786431C8D101600A50A85 /* Assets.xcassets in Resources */ = {isa = PBXBuildFile; fileRef = 3F7786421C8D101600A50A85 /* Assets.xcassets */; };
		3F7786461C8D101600A50A85 /* LaunchScreen.storyboard in Resources */ = {isa = PBXBuildFile; fileRef = 3F7786441C8D101600A50A85 /* LaunchScreen.storyboard */; };
		3F7786501C8D106C00A50A85 /* InputBarCell.swift in Sources */ = {isa = PBXBuildFile; fileRef = 3F77864E1C8D106C00A50A85 /* InputBarCell.swift */; };
		3F7786511C8D106C00A50A85 /* InputBarCell.xib in Resources */ = {isa = PBXBuildFile; fileRef = 3F77864F1C8D106C00A50A85 /* InputBarCell.xib */; };
		3FB4F9391FBB305600B91C50 /* keyboard_voice_record@2x.png in Resources */ = {isa = PBXBuildFile; fileRef = 3FB4F9381FBB305600B91C50 /* keyboard_voice_record@2x.png */; };
/* End PBXBuildFile section */

/* Begin PBXFileReference section */
		020446041FBC323E009C5B0B /* d_aini@2x.png */ = {isa = PBXFileReference; lastKnownFileType = image.png; path = "d_aini@2x.png"; sourceTree = "<group>"; };
		020446051FBC323E009C5B0B /* d_aoteman@2x.png */ = {isa = PBXFileReference; lastKnownFileType = image.png; path = "d_aoteman@2x.png"; sourceTree = "<group>"; };
		020446061FBC323E009C5B0B /* d_baibai@2x.png */ = {isa = PBXFileReference; lastKnownFileType = image.png; path = "d_baibai@2x.png"; sourceTree = "<group>"; };
		020446071FBC323E009C5B0B /* d_beishang@2x.png */ = {isa = PBXFileReference; lastKnownFileType = image.png; path = "d_beishang@2x.png"; sourceTree = "<group>"; };
		020446081FBC323E009C5B0B /* d_bishi@2x.png */ = {isa = PBXFileReference; lastKnownFileType = image.png; path = "d_bishi@2x.png"; sourceTree = "<group>"; };
		020446091FBC323E009C5B0B /* d_bizui@2x.png */ = {isa = PBXFileReference; lastKnownFileType = image.png; path = "d_bizui@2x.png"; sourceTree = "<group>"; };
		0204460A1FBC323E009C5B0B /* d_chanzui@2x.png */ = {isa = PBXFileReference; lastKnownFileType = image.png; path = "d_chanzui@2x.png"; sourceTree = "<group>"; };
		0204460B1FBC323E009C5B0B /* d_chijing@2x.png */ = {isa = PBXFileReference; lastKnownFileType = image.png; path = "d_chijing@2x.png"; sourceTree = "<group>"; };
		0204460C1FBC323E009C5B0B /* d_dahaqi@2x.png */ = {isa = PBXFileReference; lastKnownFileType = image.png; path = "d_dahaqi@2x.png"; sourceTree = "<group>"; };
		0204460D1FBC323E009C5B0B /* d_dalian@2x.png */ = {isa = PBXFileReference; lastKnownFileType = image.png; path = "d_dalian@2x.png"; sourceTree = "<group>"; };
		0204460E1FBC323E009C5B0B /* d_ding@2x.png */ = {isa = PBXFileReference; lastKnownFileType = image.png; path = "d_ding@2x.png"; sourceTree = "<group>"; };
		0204460F1FBC323E009C5B0B /* d_doge@2x.png */ = {isa = PBXFileReference; lastKnownFileType = image.png; path = "d_doge@2x.png"; sourceTree = "<group>"; };
		020446101FBC323E009C5B0B /* d_fangdumianju@2x.png */ = {isa = PBXFileReference; lastKnownFileType = image.png; path = "d_fangdumianju@2x.png"; sourceTree = "<group>"; };
		020446111FBC323E009C5B0B /* d_feizao@2x.png */ = {isa = PBXFileReference; lastKnownFileType = image.png; path = "d_feizao@2x.png"; sourceTree = "<group>"; };
		020446121FBC323E009C5B0B /* d_ganmao@2x.png */ = {isa = PBXFileReference; lastKnownFileType = image.png; path = "d_ganmao@2x.png"; sourceTree = "<group>"; };
		020446131FBC323E009C5B0B /* d_guzhang@2x.png */ = {isa = PBXFileReference; lastKnownFileType = image.png; path = "d_guzhang@2x.png"; sourceTree = "<group>"; };
		020446141FBC323E009C5B0B /* d_haha@2x.png */ = {isa = PBXFileReference; lastKnownFileType = image.png; path = "d_haha@2x.png"; sourceTree = "<group>"; };
		020446151FBC323E009C5B0B /* d_haixiu@2x.png */ = {isa = PBXFileReference; lastKnownFileType = image.png; path = "d_haixiu@2x.png"; sourceTree = "<group>"; };
		020446161FBC323E009C5B0B /* d_han@2x.png */ = {isa = PBXFileReference; lastKnownFileType = image.png; path = "d_han@2x.png"; sourceTree = "<group>"; };
		020446171FBC323E009C5B0B /* d_hehe@2x.png */ = {isa = PBXFileReference; lastKnownFileType = image.png; path = "d_hehe@2x.png"; sourceTree = "<group>"; };
		020446181FBC323E009C5B0B /* d_heixian@2x.png */ = {isa = PBXFileReference; lastKnownFileType = image.png; path = "d_heixian@2x.png"; sourceTree = "<group>"; };
		020446191FBC323E009C5B0B /* d_heng@2x.png */ = {isa = PBXFileReference; lastKnownFileType = image.png; path = "d_heng@2x.png"; sourceTree = "<group>"; };
		0204461A1FBC323E009C5B0B /* d_huaxin@2x.png */ = {isa = PBXFileReference; lastKnownFileType = image.png; path = "d_huaxin@2x.png"; sourceTree = "<group>"; };
		0204461B1FBC323E009C5B0B /* d_jiyan@2x.png */ = {isa = PBXFileReference; lastKnownFileType = image.png; path = "d_jiyan@2x.png"; sourceTree = "<group>"; };
		0204461C1FBC323E009C5B0B /* d_keai@2x.png */ = {isa = PBXFileReference; lastKnownFileType = image.png; path = "d_keai@2x.png"; sourceTree = "<group>"; };
		0204461D1FBC323E009C5B0B /* d_kelian@2x.png */ = {isa = PBXFileReference; lastKnownFileType = image.png; path = "d_kelian@2x.png"; sourceTree = "<group>"; };
		0204461E1FBC323E009C5B0B /* d_ku@2x.png */ = {isa = PBXFileReference; lastKnownFileType = image.png; path = "d_ku@2x.png"; sourceTree = "<group>"; };
		0204461F1FBC323E009C5B0B /* d_kun@2x.png */ = {isa = PBXFileReference; lastKnownFileType = image.png; path = "d_kun@2x.png"; sourceTree = "<group>"; };
		020446201FBC323E009C5B0B /* d_landelini@2x.png */ = {isa = PBXFileReference; lastKnownFileType = image.png; path = "d_landelini@2x.png"; sourceTree = "<group>"; };
		020446211FBC323E009C5B0B /* d_lang@2x.png */ = {isa = PBXFileReference; lastKnownFileType = image.png; path = "d_lang@2x.png"; sourceTree = "<group>"; };
		020446221FBC323E009C5B0B /* d_lei@2x.png */ = {isa = PBXFileReference; lastKnownFileType = image.png; path = "d_lei@2x.png"; sourceTree = "<group>"; };
		020446231FBC323E009C5B0B /* d_miao@2x.png */ = {isa = PBXFileReference; lastKnownFileType = image.png; path = "d_miao@2x.png"; sourceTree = "<group>"; };
		020446241FBC323E009C5B0B /* d_nanhaier@2x.png */ = {isa = PBXFileReference; lastKnownFileType = image.png; path = "d_nanhaier@2x.png"; sourceTree = "<group>"; };
		020446251FBC323E009C5B0B /* d_nu@2x.png */ = {isa = PBXFileReference; lastKnownFileType = image.png; path = "d_nu@2x.png"; sourceTree = "<group>"; };
		020446261FBC323E009C5B0B /* d_numa@2x.png */ = {isa = PBXFileReference; lastKnownFileType = image.png; path = "d_numa@2x.png"; sourceTree = "<group>"; };
		020446271FBC323E009C5B0B /* d_nvhaier@2x.png */ = {isa = PBXFileReference; lastKnownFileType = image.png; path = "d_nvhaier@2x.png"; sourceTree = "<group>"; };
		020446281FBC323E009C5B0B /* d_qian@2x.png */ = {isa = PBXFileReference; lastKnownFileType = image.png; path = "d_qian@2x.png"; sourceTree = "<group>"; };
		020446291FBC323E009C5B0B /* d_qinqin@2x.png */ = {isa = PBXFileReference; lastKnownFileType = image.png; path = "d_qinqin@2x.png"; sourceTree = "<group>"; };
		0204462A1FBC323E009C5B0B /* d_shayan@2x.png */ = {isa = PBXFileReference; lastKnownFileType = image.png; path = "d_shayan@2x.png"; sourceTree = "<group>"; };
		0204462B1FBC323E009C5B0B /* d_shengbing@2x.png */ = {isa = PBXFileReference; lastKnownFileType = image.png; path = "d_shengbing@2x.png"; sourceTree = "<group>"; };
		0204462C1FBC323E009C5B0B /* d_shenshou@2x.png */ = {isa = PBXFileReference; lastKnownFileType = image.png; path = "d_shenshou@2x.png"; sourceTree = "<group>"; };
		0204462D1FBC323E009C5B0B /* d_shiwang@2x.png */ = {isa = PBXFileReference; lastKnownFileType = image.png; path = "d_shiwang@2x.png"; sourceTree = "<group>"; };
		0204462E1FBC323E009C5B0B /* d_shuai@2x.png */ = {isa = PBXFileReference; lastKnownFileType = image.png; path = "d_shuai@2x.png"; sourceTree = "<group>"; };
		0204462F1FBC323E009C5B0B /* d_shuijiao@2x.png */ = {isa = PBXFileReference; lastKnownFileType = image.png; path = "d_shuijiao@2x.png"; sourceTree = "<group>"; };
		020446301FBC323E009C5B0B /* d_sikao@2x.png */ = {isa = PBXFileReference; lastKnownFileType = image.png; path = "d_sikao@2x.png"; sourceTree = "<group>"; };
		020446311FBC323E009C5B0B /* d_taikaixin@2x.png */ = {isa = PBXFileReference; lastKnownFileType = image.png; path = "d_taikaixin@2x.png"; sourceTree = "<group>"; };
		020446321FBC323E009C5B0B /* d_touxiao@2x.png */ = {isa = PBXFileReference; lastKnownFileType = image.png; path = "d_touxiao@2x.png"; sourceTree = "<group>"; };
		020446331FBC323E009C5B0B /* d_travel@2x.png */ = {isa = PBXFileReference; lastKnownFileType = image.png; path = "d_travel@2x.png"; sourceTree = "<group>"; };
		020446341FBC323E009C5B0B /* d_tu@2x.png */ = {isa = PBXFileReference; lastKnownFileType = image.png; path = "d_tu@2x.png"; sourceTree = "<group>"; };
		020446351FBC323E009C5B0B /* d_tuzi@2x.png */ = {isa = PBXFileReference; lastKnownFileType = image.png; path = "d_tuzi@2x.png"; sourceTree = "<group>"; };
		020446361FBC323E009C5B0B /* d_wabishi@2x.png */ = {isa = PBXFileReference; lastKnownFileType = image.png; path = "d_wabishi@2x.png"; sourceTree = "<group>"; };
		020446371FBC323E009C5B0B /* d_weiqu@2x.png */ = {isa = PBXFileReference; lastKnownFileType = image.png; path = "d_weiqu@2x.png"; sourceTree = "<group>"; };
		020446381FBC323E009C5B0B /* d_xiaoku@2x.png */ = {isa = PBXFileReference; lastKnownFileType = image.png; path = "d_xiaoku@2x.png"; sourceTree = "<group>"; };
		020446391FBC323E009C5B0B /* d_xiongmao@2x.png */ = {isa = PBXFileReference; lastKnownFileType = image.png; path = "d_xiongmao@2x.png"; sourceTree = "<group>"; };
		0204463A1FBC323E009C5B0B /* d_xixi@2x.png */ = {isa = PBXFileReference; lastKnownFileType = image.png; path = "d_xixi@2x.png"; sourceTree = "<group>"; };
		0204463B1FBC323E009C5B0B /* d_xu@2x.png */ = {isa = PBXFileReference; lastKnownFileType = image.png; path = "d_xu@2x.png"; sourceTree = "<group>"; };
		0204463C1FBC323E009C5B0B /* d_yinxian@2x.png */ = {isa = PBXFileReference; lastKnownFileType = image.png; path = "d_yinxian@2x.png"; sourceTree = "<group>"; };
		0204463D1FBC323E009C5B0B /* d_yiwen@2x.png */ = {isa = PBXFileReference; lastKnownFileType = image.png; path = "d_yiwen@2x.png"; sourceTree = "<group>"; };
		0204463E1FBC323E009C5B0B /* d_youhengheng@2x.png */ = {isa = PBXFileReference; lastKnownFileType = image.png; path = "d_youhengheng@2x.png"; sourceTree = "<group>"; };
		0204463F1FBC323E009C5B0B /* d_yun@2x.png */ = {isa = PBXFileReference; lastKnownFileType = image.png; path = "d_yun@2x.png"; sourceTree = "<group>"; };
		020446401FBC323E009C5B0B /* d_zhuakuang@2x.png */ = {isa = PBXFileReference; lastKnownFileType = image.png; path = "d_zhuakuang@2x.png"; sourceTree = "<group>"; };
		020446411FBC323E009C5B0B /* d_zhutou@2x.png */ = {isa = PBXFileReference; lastKnownFileType = image.png; path = "d_zhutou@2x.png"; sourceTree = "<group>"; };
		020446421FBC323E009C5B0B /* d_zuiyou@2x.png */ = {isa = PBXFileReference; lastKnownFileType = image.png; path = "d_zuiyou@2x.png"; sourceTree = "<group>"; };
		020446431FBC323E009C5B0B /* d_zuohengheng@2x.png */ = {isa = PBXFileReference; lastKnownFileType = image.png; path = "d_zuohengheng@2x.png"; sourceTree = "<group>"; };
		020446441FBC323E009C5B0B /* ZJEmoji.swift */ = {isa = PBXFileReference; fileEncoding = 4; lastKnownFileType = sourcecode.swift; path = ZJEmoji.swift; sourceTree = "<group>"; };
		020446451FBC323E009C5B0B /* ZJTextAttachment.swift */ = {isa = PBXFileReference; fileEncoding = 4; lastKnownFileType = sourcecode.swift; path = ZJTextAttachment.swift; sourceTree = "<group>"; };
		020446881FBC3B28009C5B0B /* FaceCollCell.swift */ = {isa = PBXFileReference; lastKnownFileType = sourcecode.swift; path = FaceCollCell.swift; sourceTree = "<group>"; };
		020446891FBC3B28009C5B0B /* FaceCollCell.xib */ = {isa = PBXFileReference; lastKnownFileType = file.xib; path = FaceCollCell.xib; sourceTree = "<group>"; };
		0204468C1FBC3B57009C5B0B /* OtherCollCell.swift */ = {isa = PBXFileReference; lastKnownFileType = sourcecode.swift; path = OtherCollCell.swift; sourceTree = "<group>"; };
		0204468D1FBC3B57009C5B0B /* OtherCollCell.xib */ = {isa = PBXFileReference; lastKnownFileType = file.xib; path = OtherCollCell.xib; sourceTree = "<group>"; };
		020DBF781FBAFFEB00BB3E15 /* Swift-Bridging-Header.h */ = {isa = PBXFileReference; lastKnownFileType = sourcecode.c.h; path = "Swift-Bridging-Header.h"; sourceTree = "<group>"; };
		020DBF801FBB038100BB3E15 /* amrFileCodec.h */ = {isa = PBXFileReference; fileEncoding = 4; lastKnownFileType = sourcecode.c.h; path = amrFileCodec.h; sourceTree = "<group>"; };
		020DBF811FBB038100BB3E15 /* amrFileCodec.m */ = {isa = PBXFileReference; fileEncoding = 4; lastKnownFileType = sourcecode.c.objc; path = amrFileCodec.m; sourceTree = "<group>"; };
		020DBF821FBB038100BB3E15 /* AudioAmrUtil.h */ = {isa = PBXFileReference; fileEncoding = 4; lastKnownFileType = sourcecode.c.h; path = AudioAmrUtil.h; sourceTree = "<group>"; };
		020DBF831FBB038100BB3E15 /* AudioAmrUtil.m */ = {isa = PBXFileReference; fileEncoding = 4; lastKnownFileType = sourcecode.c.objc; path = AudioAmrUtil.m; sourceTree = "<group>"; };
		020DBF841FBB038100BB3E15 /* AudioManager.h */ = {isa = PBXFileReference; fileEncoding = 4; lastKnownFileType = sourcecode.c.h; path = AudioManager.h; sourceTree = "<group>"; };
		020DBF851FBB038100BB3E15 /* AudioManager.m */ = {isa = PBXFileReference; fileEncoding = 4; lastKnownFileType = sourcecode.c.objc; path = AudioManager.m; sourceTree = "<group>"; };
		020DBF891FBB038100BB3E15 /* interf_dec.h */ = {isa = PBXFileReference; fileEncoding = 4; lastKnownFileType = sourcecode.c.h; path = interf_dec.h; sourceTree = "<group>"; };
		020DBF8A1FBB038100BB3E15 /* interf_enc.h */ = {isa = PBXFileReference; fileEncoding = 4; lastKnownFileType = sourcecode.c.h; path = interf_enc.h; sourceTree = "<group>"; };
		020DBF8C1FBB038100BB3E15 /* dec_if.h */ = {isa = PBXFileReference; fileEncoding = 4; lastKnownFileType = sourcecode.c.h; path = dec_if.h; sourceTree = "<group>"; };
		020DBF8D1FBB038100BB3E15 /* if_rom.h */ = {isa = PBXFileReference; fileEncoding = 4; lastKnownFileType = sourcecode.c.h; path = if_rom.h; sourceTree = "<group>"; };
		020DBF8F1FBB038100BB3E15 /* libopencore-amrnb.a */ = {isa = PBXFileReference; lastKnownFileType = archive.ar; path = "libopencore-amrnb.a"; sourceTree = "<group>"; };
		020DBF901FBB038100BB3E15 /* libopencore-amrwb.a */ = {isa = PBXFileReference; lastKnownFileType = archive.ar; path = "libopencore-amrwb.a"; sourceTree = "<group>"; };
		020DBF971FBB040400BB3E15 /* AudioRecordView.h */ = {isa = PBXFileReference; fileEncoding = 4; lastKnownFileType = sourcecode.c.h; path = AudioRecordView.h; sourceTree = "<group>"; };
		020DBF981FBB040400BB3E15 /* AudioRecordView.m */ = {isa = PBXFileReference; fileEncoding = 4; lastKnownFileType = sourcecode.c.objc; path = AudioRecordView.m; sourceTree = "<group>"; };
		020DBF991FBB040400BB3E15 /* AudioVolumeView.h */ = {isa = PBXFileReference; fileEncoding = 4; lastKnownFileType = sourcecode.c.h; path = AudioVolumeView.h; sourceTree = "<group>"; };
		020DBF9A1FBB040400BB3E15 /* AudioVolumeView.m */ = {isa = PBXFileReference; fileEncoding = 4; lastKnownFileType = sourcecode.c.objc; path = AudioVolumeView.m; sourceTree = "<group>"; };
		020DBF9C1FBB040400BB3E15 /* UIColor+Expanded.h */ = {isa = PBXFileReference; fileEncoding = 4; lastKnownFileType = sourcecode.c.h; path = "UIColor+Expanded.h"; sourceTree = "<group>"; };
		020DBF9D1FBB040400BB3E15 /* UIColor+Expanded.m */ = {isa = PBXFileReference; fileEncoding = 4; lastKnownFileType = sourcecode.c.objc; path = "UIColor+Expanded.m"; sourceTree = "<group>"; };
		020DBFA11FBB070F00BB3E15 /* NSString+Common.m */ = {isa = PBXFileReference; fileEncoding = 4; lastKnownFileType = sourcecode.c.objc; path = "NSString+Common.m"; sourceTree = "<group>"; };
		020DBFA21FBB070F00BB3E15 /* NSString+Common.h */ = {isa = PBXFileReference; fileEncoding = 4; lastKnownFileType = sourcecode.c.h; path = "NSString+Common.h"; sourceTree = "<group>"; };
		0260CCF61FBD274E0031E27E /* ChatViewController.swift */ = {isa = PBXFileReference; lastKnownFileType = sourcecode.swift; path = ChatViewController.swift; sourceTree = "<group>"; };
		0260CCF71FBD274E0031E27E /* ChatViewController.xib */ = {isa = PBXFileReference; lastKnownFileType = file.xib; path = ChatViewController.xib; sourceTree = "<group>"; };
		15C525B584484C581FE4E2DF /* Pods_ZJInputBar_Swift.framework */ = {isa = PBXFileReference; explicitFileType = wrapper.framework; includeInIndex = 0; path = Pods_ZJInputBar_Swift.framework; sourceTree = BUILT_PRODUCTS_DIR; };
		34CBFCA18006CB3767390B80 /* Pods-ZJInputBar_Swift.debug.xcconfig */ = {isa = PBXFileReference; includeInIndex = 1; lastKnownFileType = text.xcconfig; name = "Pods-ZJInputBar_Swift.debug.xcconfig"; path = "Pods/Target Support Files/Pods-ZJInputBar_Swift/Pods-ZJInputBar_Swift.debug.xcconfig"; sourceTree = "<group>"; };
		3F7786381C8D101500A50A85 /* ZJInputBar_Swift.app */ = {isa = PBXFileReference; explicitFileType = wrapper.application; includeInIndex = 0; path = ZJInputBar_Swift.app; sourceTree = BUILT_PRODUCTS_DIR; };
		3F77863B1C8D101500A50A85 /* AppDelegate.swift */ = {isa = PBXFileReference; lastKnownFileType = sourcecode.swift; path = AppDelegate.swift; sourceTree = "<group>"; };
		3F77863D1C8D101500A50A85 /* ViewController.swift */ = {isa = PBXFileReference; lastKnownFileType = sourcecode.swift; path = ViewController.swift; sourceTree = "<group>"; };
		3F7786401C8D101500A50A85 /* Base */ = {isa = PBXFileReference; lastKnownFileType = file.storyboard; name = Base; path = Base.lproj/Main.storyboard; sourceTree = "<group>"; };
		3F7786421C8D101600A50A85 /* Assets.xcassets */ = {isa = PBXFileReference; lastKnownFileType = folder.assetcatalog; path = Assets.xcassets; sourceTree = "<group>"; };
		3F7786451C8D101600A50A85 /* Base */ = {isa = PBXFileReference; lastKnownFileType = file.storyboard; name = Base; path = Base.lproj/LaunchScreen.storyboard; sourceTree = "<group>"; };
		3F7786471C8D101600A50A85 /* Info.plist */ = {isa = PBXFileReference; lastKnownFileType = text.plist.xml; path = Info.plist; sourceTree = "<group>"; };
		3F77864E1C8D106C00A50A85 /* InputBarCell.swift */ = {isa = PBXFileReference; fileEncoding = 4; lastKnownFileType = sourcecode.swift; path = InputBarCell.swift; sourceTree = "<group>"; };
		3F77864F1C8D106C00A50A85 /* InputBarCell.xib */ = {isa = PBXFileReference; fileEncoding = 4; lastKnownFileType = file.xib; path = InputBarCell.xib; sourceTree = "<group>"; };
		3FB4F9381FBB305600B91C50 /* keyboard_voice_record@2x.png */ = {isa = PBXFileReference; lastKnownFileType = image.png; path = "keyboard_voice_record@2x.png"; sourceTree = "<group>"; };
		8ECBFFB4CF5040C38BF1F4D9 /* Pods-ZJInputBar_Swift.release.xcconfig */ = {isa = PBXFileReference; includeInIndex = 1; lastKnownFileType = text.xcconfig; name = "Pods-ZJInputBar_Swift.release.xcconfig"; path = "Pods/Target Support Files/Pods-ZJInputBar_Swift/Pods-ZJInputBar_Swift.release.xcconfig"; sourceTree = "<group>"; };
/* End PBXFileReference section */

/* Begin PBXFrameworksBuildPhase section */
		3F7786351C8D101500A50A85 /* Frameworks */ = {
			isa = PBXFrameworksBuildPhase;
			buildActionMask = 2147483647;
			files = (
				020DBF951FBB038100BB3E15 /* libopencore-amrwb.a in Frameworks */,
				020DBF941FBB038100BB3E15 /* libopencore-amrnb.a in Frameworks */,
				29350FC61D5C9C2245FEFDD5 /* Pods_ZJInputBar_Swift.framework in Frameworks */,
			);
			runOnlyForDeploymentPostprocessing = 0;
		};
/* End PBXFrameworksBuildPhase section */

/* Begin PBXGroup section */
		020446011FBC323E009C5B0B /* Swift */ = {
			isa = PBXGroup;
			children = (
				020446021FBC323E009C5B0B /* ZJEmoji */,
			);
			path = Swift;
			sourceTree = "<group>";
		};
		020446021FBC323E009C5B0B /* ZJEmoji */ = {
			isa = PBXGroup;
			children = (
				020446031FBC323E009C5B0B /* emoji */,
				020446441FBC323E009C5B0B /* ZJEmoji.swift */,
				020446451FBC323E009C5B0B /* ZJTextAttachment.swift */,
			);
			path = ZJEmoji;
			sourceTree = "<group>";
		};
		020446031FBC323E009C5B0B /* emoji */ = {
			isa = PBXGroup;
			children = (
				020446041FBC323E009C5B0B /* d_aini@2x.png */,
				020446051FBC323E009C5B0B /* d_aoteman@2x.png */,
				020446061FBC323E009C5B0B /* d_baibai@2x.png */,
				020446071FBC323E009C5B0B /* d_beishang@2x.png */,
				020446081FBC323E009C5B0B /* d_bishi@2x.png */,
				020446091FBC323E009C5B0B /* d_bizui@2x.png */,
				0204460A1FBC323E009C5B0B /* d_chanzui@2x.png */,
				0204460B1FBC323E009C5B0B /* d_chijing@2x.png */,
				0204460C1FBC323E009C5B0B /* d_dahaqi@2x.png */,
				0204460D1FBC323E009C5B0B /* d_dalian@2x.png */,
				0204460E1FBC323E009C5B0B /* d_ding@2x.png */,
				0204460F1FBC323E009C5B0B /* d_doge@2x.png */,
				020446101FBC323E009C5B0B /* d_fangdumianju@2x.png */,
				020446111FBC323E009C5B0B /* d_feizao@2x.png */,
				020446121FBC323E009C5B0B /* d_ganmao@2x.png */,
				020446131FBC323E009C5B0B /* d_guzhang@2x.png */,
				020446141FBC323E009C5B0B /* d_haha@2x.png */,
				020446151FBC323E009C5B0B /* d_haixiu@2x.png */,
				020446161FBC323E009C5B0B /* d_han@2x.png */,
				020446171FBC323E009C5B0B /* d_hehe@2x.png */,
				020446181FBC323E009C5B0B /* d_heixian@2x.png */,
				020446191FBC323E009C5B0B /* d_heng@2x.png */,
				0204461A1FBC323E009C5B0B /* d_huaxin@2x.png */,
				0204461B1FBC323E009C5B0B /* d_jiyan@2x.png */,
				0204461C1FBC323E009C5B0B /* d_keai@2x.png */,
				0204461D1FBC323E009C5B0B /* d_kelian@2x.png */,
				0204461E1FBC323E009C5B0B /* d_ku@2x.png */,
				0204461F1FBC323E009C5B0B /* d_kun@2x.png */,
				020446201FBC323E009C5B0B /* d_landelini@2x.png */,
				020446211FBC323E009C5B0B /* d_lang@2x.png */,
				020446221FBC323E009C5B0B /* d_lei@2x.png */,
				020446231FBC323E009C5B0B /* d_miao@2x.png */,
				020446241FBC323E009C5B0B /* d_nanhaier@2x.png */,
				020446251FBC323E009C5B0B /* d_nu@2x.png */,
				020446261FBC323E009C5B0B /* d_numa@2x.png */,
				020446271FBC323E009C5B0B /* d_nvhaier@2x.png */,
				020446281FBC323E009C5B0B /* d_qian@2x.png */,
				020446291FBC323E009C5B0B /* d_qinqin@2x.png */,
				0204462A1FBC323E009C5B0B /* d_shayan@2x.png */,
				0204462B1FBC323E009C5B0B /* d_shengbing@2x.png */,
				0204462C1FBC323E009C5B0B /* d_shenshou@2x.png */,
				0204462D1FBC323E009C5B0B /* d_shiwang@2x.png */,
				0204462E1FBC323E009C5B0B /* d_shuai@2x.png */,
				0204462F1FBC323E009C5B0B /* d_shuijiao@2x.png */,
				020446301FBC323E009C5B0B /* d_sikao@2x.png */,
				020446311FBC323E009C5B0B /* d_taikaixin@2x.png */,
				020446321FBC323E009C5B0B /* d_touxiao@2x.png */,
				020446331FBC323E009C5B0B /* d_travel@2x.png */,
				020446341FBC323E009C5B0B /* d_tu@2x.png */,
				020446351FBC323E009C5B0B /* d_tuzi@2x.png */,
				020446361FBC323E009C5B0B /* d_wabishi@2x.png */,
				020446371FBC323E009C5B0B /* d_weiqu@2x.png */,
				020446381FBC323E009C5B0B /* d_xiaoku@2x.png */,
				020446391FBC323E009C5B0B /* d_xiongmao@2x.png */,
				0204463A1FBC323E009C5B0B /* d_xixi@2x.png */,
				0204463B1FBC323E009C5B0B /* d_xu@2x.png */,
				0204463C1FBC323E009C5B0B /* d_yinxian@2x.png */,
				0204463D1FBC323E009C5B0B /* d_yiwen@2x.png */,
				0204463E1FBC323E009C5B0B /* d_youhengheng@2x.png */,
				0204463F1FBC323E009C5B0B /* d_yun@2x.png */,
				020446401FBC323E009C5B0B /* d_zhuakuang@2x.png */,
				020446411FBC323E009C5B0B /* d_zhutou@2x.png */,
				020446421FBC323E009C5B0B /* d_zuiyou@2x.png */,
				020446431FBC323E009C5B0B /* d_zuohengheng@2x.png */,
			);
			path = emoji;
			sourceTree = "<group>";
		};
		020DBF761FBAFFD900BB3E15 /* Lib */ = {
			isa = PBXGroup;
			children = (
				020446011FBC323E009C5B0B /* Swift */,
				020DBF771FBAFFD900BB3E15 /* OC */,
			);
			path = Lib;
			sourceTree = "<group>";
		};
		020DBF771FBAFFD900BB3E15 /* OC */ = {
			isa = PBXGroup;
			children = (
				020DBF961FBB040400BB3E15 /* AudioView */,
				020DBF9B1FBB040400BB3E15 /* UIColor_expanded */,
				020DBF7F1FBB038100BB3E15 /* Audio */,
			);
			path = OC;
			sourceTree = "<group>";
		};
		020DBF7F1FBB038100BB3E15 /* Audio */ = {
			isa = PBXGroup;
			children = (
				020DBFA21FBB070F00BB3E15 /* NSString+Common.h */,
				020DBFA11FBB070F00BB3E15 /* NSString+Common.m */,
				020DBF801FBB038100BB3E15 /* amrFileCodec.h */,
				020DBF811FBB038100BB3E15 /* amrFileCodec.m */,
				020DBF821FBB038100BB3E15 /* AudioAmrUtil.h */,
				020DBF831FBB038100BB3E15 /* AudioAmrUtil.m */,
				020DBF841FBB038100BB3E15 /* AudioManager.h */,
				020DBF851FBB038100BB3E15 /* AudioManager.m */,
				020DBF861FBB038100BB3E15 /* opencore-amr-iOS */,
			);
			path = Audio;
			sourceTree = "<group>";
		};
		020DBF861FBB038100BB3E15 /* opencore-amr-iOS */ = {
			isa = PBXGroup;
			children = (
				020DBF871FBB038100BB3E15 /* include */,
				020DBF8E1FBB038100BB3E15 /* lib */,
			);
			path = "opencore-amr-iOS";
			sourceTree = "<group>";
		};
		020DBF871FBB038100BB3E15 /* include */ = {
			isa = PBXGroup;
			children = (
				020DBF881FBB038100BB3E15 /* opencore-amrnb */,
				020DBF8B1FBB038100BB3E15 /* opencore-amrwb */,
			);
			path = include;
			sourceTree = "<group>";
		};
		020DBF881FBB038100BB3E15 /* opencore-amrnb */ = {
			isa = PBXGroup;
			children = (
				020DBF891FBB038100BB3E15 /* interf_dec.h */,
				020DBF8A1FBB038100BB3E15 /* interf_enc.h */,
			);
			path = "opencore-amrnb";
			sourceTree = "<group>";
		};
		020DBF8B1FBB038100BB3E15 /* opencore-amrwb */ = {
			isa = PBXGroup;
			children = (
				020DBF8C1FBB038100BB3E15 /* dec_if.h */,
				020DBF8D1FBB038100BB3E15 /* if_rom.h */,
			);
			path = "opencore-amrwb";
			sourceTree = "<group>";
		};
		020DBF8E1FBB038100BB3E15 /* lib */ = {
			isa = PBXGroup;
			children = (
				020DBF8F1FBB038100BB3E15 /* libopencore-amrnb.a */,
				020DBF901FBB038100BB3E15 /* libopencore-amrwb.a */,
			);
			path = lib;
			sourceTree = "<group>";
		};
		020DBF961FBB040400BB3E15 /* AudioView */ = {
			isa = PBXGroup;
			children = (
				3FB4F9371FBB303F00B91C50 /* images */,
				020DBF971FBB040400BB3E15 /* AudioRecordView.h */,
				020DBF981FBB040400BB3E15 /* AudioRecordView.m */,
				020DBF991FBB040400BB3E15 /* AudioVolumeView.h */,
				020DBF9A1FBB040400BB3E15 /* AudioVolumeView.m */,
			);
			path = AudioView;
			sourceTree = "<group>";
		};
		020DBF9B1FBB040400BB3E15 /* UIColor_expanded */ = {
			isa = PBXGroup;
			children = (
				020DBF9C1FBB040400BB3E15 /* UIColor+Expanded.h */,
				020DBF9D1FBB040400BB3E15 /* UIColor+Expanded.m */,
			);
			path = UIColor_expanded;
			sourceTree = "<group>";
		};
		0260CCFA1FBD281C0031E27E /* storyboard */ = {
			isa = PBXGroup;
			children = (
				3F7786441C8D101600A50A85 /* LaunchScreen.storyboard */,
				3F77863D1C8D101500A50A85 /* ViewController.swift */,
				3F77863F1C8D101500A50A85 /* Main.storyboard */,
			);
			path = storyboard;
			sourceTree = "<group>";
		};
		04259DC88CD7ED72B2CC7B4C /* Pods */ = {
			isa = PBXGroup;
			children = (
				34CBFCA18006CB3767390B80 /* Pods-ZJInputBar_Swift.debug.xcconfig */,
				8ECBFFB4CF5040C38BF1F4D9 /* Pods-ZJInputBar_Swift.release.xcconfig */,
			);
			name = Pods;
			sourceTree = "<group>";
		};
		36904AC1D1CA57653597165F /* Frameworks */ = {
			isa = PBXGroup;
			children = (
				15C525B584484C581FE4E2DF /* Pods_ZJInputBar_Swift.framework */,
			);
			name = Frameworks;
			sourceTree = "<group>";
		};
		3F77862F1C8D101500A50A85 = {
			isa = PBXGroup;
			children = (
				3F77863A1C8D101500A50A85 /* ZJInputBar_Swift */,
				3F7786391C8D101500A50A85 /* Products */,
				04259DC88CD7ED72B2CC7B4C /* Pods */,
				36904AC1D1CA57653597165F /* Frameworks */,
			);
			sourceTree = "<group>";
		};
		3F7786391C8D101500A50A85 /* Products */ = {
			isa = PBXGroup;
			children = (
				3F7786381C8D101500A50A85 /* ZJInputBar_Swift.app */,
			);
			name = Products;
			sourceTree = "<group>";
		};
		3F77863A1C8D101500A50A85 /* ZJInputBar_Swift */ = {
			isa = PBXGroup;
			children = (
				020DBF781FBAFFEB00BB3E15 /* Swift-Bridging-Header.h */,
				020DBF761FBAFFD900BB3E15 /* Lib */,
				3F77864D1C8D104100A50A85 /* InputBar */,
				3F77863B1C8D101500A50A85 /* AppDelegate.swift */,
				0260CCFA1FBD281C0031E27E /* storyboard */,
				3F7786421C8D101600A50A85 /* Assets.xcassets */,
				3F7786471C8D101600A50A85 /* Info.plist */,
				0260CCF61FBD274E0031E27E /* ChatViewController.swift */,
				0260CCF71FBD274E0031E27E /* ChatViewController.xib */,
			);
			path = ZJInputBar_Swift;
			sourceTree = "<group>";
		};
		3F77864D1C8D104100A50A85 /* InputBar */ = {
			isa = PBXGroup;
			children = (
				3F77864E1C8D106C00A50A85 /* InputBarCell.swift */,
				3F77864F1C8D106C00A50A85 /* InputBarCell.xib */,
				020446881FBC3B28009C5B0B /* FaceCollCell.swift */,
				020446891FBC3B28009C5B0B /* FaceCollCell.xib */,
				0204468C1FBC3B57009C5B0B /* OtherCollCell.swift */,
				0204468D1FBC3B57009C5B0B /* OtherCollCell.xib */,
			);
			path = InputBar;
			sourceTree = "<group>";
		};
		3FB4F9371FBB303F00B91C50 /* images */ = {
			isa = PBXGroup;
			children = (
				3FB4F9381FBB305600B91C50 /* keyboard_voice_record@2x.png */,
			);
			path = images;
			sourceTree = "<group>";
		};
/* End PBXGroup section */

/* Begin PBXNativeTarget section */
		3F7786371C8D101500A50A85 /* ZJInputBar_Swift */ = {
			isa = PBXNativeTarget;
			buildConfigurationList = 3F77864A1C8D101600A50A85 /* Build configuration list for PBXNativeTarget "ZJInputBar_Swift" */;
			buildPhases = (
				B7BE639CC30CA3808F07E4A6 /* [CP] Check Pods Manifest.lock */,
				3F7786341C8D101500A50A85 /* Sources */,
				3F7786351C8D101500A50A85 /* Frameworks */,
				3F7786361C8D101500A50A85 /* Resources */,
				11641399CD833819D9BF628D /* [CP] Embed Pods Frameworks */,
				A2ED2A3B891E298E9AA6C0E5 /* [CP] Copy Pods Resources */,
			);
			buildRules = (
			);
			dependencies = (
			);
			name = ZJInputBar_Swift;
			productName = ZJInputBar_Swift;
			productReference = 3F7786381C8D101500A50A85 /* ZJInputBar_Swift.app */;
			productType = "com.apple.product-type.application";
		};
/* End PBXNativeTarget section */

/* Begin PBXProject section */
		3F7786301C8D101500A50A85 /* Project object */ = {
			isa = PBXProject;
			attributes = {
				LastSwiftUpdateCheck = 0720;
				LastUpgradeCheck = 0910;
				ORGANIZATIONNAME = "张剑";
				TargetAttributes = {
					3F7786371C8D101500A50A85 = {
						CreatedOnToolsVersion = 7.2.1;
						DevelopmentTeam = ZE78BS9TBK;
						LastSwiftMigration = 0910;
					};
				};
			};
			buildConfigurationList = 3F7786331C8D101500A50A85 /* Build configuration list for PBXProject "ZJInputBar_Swift" */;
			compatibilityVersion = "Xcode 3.2";
			developmentRegion = English;
			hasScannedForEncodings = 0;
			knownRegions = (
				en,
				Base,
			);
			mainGroup = 3F77862F1C8D101500A50A85;
			productRefGroup = 3F7786391C8D101500A50A85 /* Products */;
			projectDirPath = "";
			projectRoot = "";
			targets = (
				3F7786371C8D101500A50A85 /* ZJInputBar_Swift */,
			);
		};
/* End PBXProject section */

/* Begin PBXResourcesBuildPhase section */
		3F7786361C8D101500A50A85 /* Resources */ = {
			isa = PBXResourcesBuildPhase;
			buildActionMask = 2147483647;
			files = (
				020446461FBC323E009C5B0B /* d_aini@2x.png in Resources */,
				020446811FBC323E009C5B0B /* d_yun@2x.png in Resources */,
				020446531FBC323E009C5B0B /* d_feizao@2x.png in Resources */,
				020446541FBC323E009C5B0B /* d_ganmao@2x.png in Resources */,
				0204465B1FBC323E009C5B0B /* d_heng@2x.png in Resources */,
				0204465C1FBC323E009C5B0B /* d_huaxin@2x.png in Resources */,
				020446721FBC323E009C5B0B /* d_sikao@2x.png in Resources */,
				020446471FBC323E009C5B0B /* d_aoteman@2x.png in Resources */,
				020446851FBC323E009C5B0B /* d_zuohengheng@2x.png in Resources */,
				0204467C1FBC323E009C5B0B /* d_xixi@2x.png in Resources */,
				020446781FBC323E009C5B0B /* d_wabishi@2x.png in Resources */,
				0204466E1FBC323E009C5B0B /* d_shenshou@2x.png in Resources */,
				3F7786461C8D101600A50A85 /* LaunchScreen.storyboard in Resources */,
				3F7786431C8D101600A50A85 /* Assets.xcassets in Resources */,
				020446611FBC323E009C5B0B /* d_kun@2x.png in Resources */,
				0204467A1FBC323E009C5B0B /* d_xiaoku@2x.png in Resources */,
				020446491FBC323E009C5B0B /* d_beishang@2x.png in Resources */,
				020446841FBC323E009C5B0B /* d_zuiyou@2x.png in Resources */,
				0204468B1FBC3B28009C5B0B /* FaceCollCell.xib in Resources */,
				0204468F1FBC3B57009C5B0B /* OtherCollCell.xib in Resources */,
				0204466A1FBC323E009C5B0B /* d_qian@2x.png in Resources */,
				020446651FBC323E009C5B0B /* d_miao@2x.png in Resources */,
				020446661FBC323E009C5B0B /* d_nanhaier@2x.png in Resources */,
				3F7786511C8D106C00A50A85 /* InputBarCell.xib in Resources */,
				0204466D1FBC323E009C5B0B /* d_shengbing@2x.png in Resources */,
				020446791FBC323E009C5B0B /* d_weiqu@2x.png in Resources */,
				020446801FBC323E009C5B0B /* d_youhengheng@2x.png in Resources */,
				020446831FBC323E009C5B0B /* d_zhutou@2x.png in Resources */,
				020446521FBC323E009C5B0B /* d_fangdumianju@2x.png in Resources */,
				020446601FBC323E009C5B0B /* d_ku@2x.png in Resources */,
				0204464F1FBC323E009C5B0B /* d_dalian@2x.png in Resources */,
				020446751FBC323E009C5B0B /* d_travel@2x.png in Resources */,
				0204467B1FBC323E009C5B0B /* d_xiongmao@2x.png in Resources */,
				020446691FBC323E009C5B0B /* d_nvhaier@2x.png in Resources */,
				020446761FBC323E009C5B0B /* d_tu@2x.png in Resources */,
				020446641FBC323E009C5B0B /* d_lei@2x.png in Resources */,
				0204464C1FBC323E009C5B0B /* d_chanzui@2x.png in Resources */,
				0204465E1FBC323E009C5B0B /* d_keai@2x.png in Resources */,
				0260CCF91FBD274E0031E27E /* ChatViewController.xib in Resources */,
				0204466B1FBC323E009C5B0B /* d_qinqin@2x.png in Resources */,
				020446741FBC323E009C5B0B /* d_touxiao@2x.png in Resources */,
				020446701FBC323E009C5B0B /* d_shuai@2x.png in Resources */,
				0204465F1FBC323E009C5B0B /* d_kelian@2x.png in Resources */,
				020446581FBC323E009C5B0B /* d_han@2x.png in Resources */,
				020446731FBC323E009C5B0B /* d_taikaixin@2x.png in Resources */,
				0204467D1FBC323E009C5B0B /* d_xu@2x.png in Resources */,
				020446631FBC323E009C5B0B /* d_lang@2x.png in Resources */,
				0204464D1FBC323E009C5B0B /* d_chijing@2x.png in Resources */,
				020446711FBC323E009C5B0B /* d_shuijiao@2x.png in Resources */,
				3FB4F9391FBB305600B91C50 /* keyboard_voice_record@2x.png in Resources */,
				0204465A1FBC323E009C5B0B /* d_heixian@2x.png in Resources */,
				0204464B1FBC323E009C5B0B /* d_bizui@2x.png in Resources */,
				020446821FBC323E009C5B0B /* d_zhuakuang@2x.png in Resources */,
				020446771FBC323E009C5B0B /* d_tuzi@2x.png in Resources */,
				020446571FBC323E009C5B0B /* d_haixiu@2x.png in Resources */,
				0204467E1FBC323E009C5B0B /* d_yinxian@2x.png in Resources */,
				3F7786411C8D101500A50A85 /* Main.storyboard in Resources */,
				020446621FBC323E009C5B0B /* d_landelini@2x.png in Resources */,
				020446591FBC323E009C5B0B /* d_hehe@2x.png in Resources */,
				020446511FBC323E009C5B0B /* d_doge@2x.png in Resources */,
				0204465D1FBC323E009C5B0B /* d_jiyan@2x.png in Resources */,
				0204464E1FBC323E009C5B0B /* d_dahaqi@2x.png in Resources */,
				020446671FBC323E009C5B0B /* d_nu@2x.png in Resources */,
				0204467F1FBC323E009C5B0B /* d_yiwen@2x.png in Resources */,
				020446561FBC323E009C5B0B /* d_haha@2x.png in Resources */,
				020446551FBC323E009C5B0B /* d_guzhang@2x.png in Resources */,
				0204466C1FBC323E009C5B0B /* d_shayan@2x.png in Resources */,
				020446481FBC323E009C5B0B /* d_baibai@2x.png in Resources */,
				0204464A1FBC323E009C5B0B /* d_bishi@2x.png in Resources */,
				0204466F1FBC323E009C5B0B /* d_shiwang@2x.png in Resources */,
				020446681FBC323E009C5B0B /* d_numa@2x.png in Resources */,
				020446501FBC323E009C5B0B /* d_ding@2x.png in Resources */,
			);
			runOnlyForDeploymentPostprocessing = 0;
		};
/* End PBXResourcesBuildPhase section */

/* Begin PBXShellScriptBuildPhase section */
		11641399CD833819D9BF628D /* [CP] Embed Pods Frameworks */ = {
			isa = PBXShellScriptBuildPhase;
			buildActionMask = 2147483647;
			files = (
			);
			inputPaths = (
				"${SRCROOT}/Pods/Target Support Files/Pods-ZJInputBar_Swift/Pods-ZJInputBar_Swift-frameworks.sh",
				"${BUILT_PRODUCTS_DIR}/SDWebImage/SDWebImage.framework",
				"${BUILT_PRODUCTS_DIR}/SnapKit/SnapKit.framework",
			);
			name = "[CP] Embed Pods Frameworks";
			outputPaths = (
				"${TARGET_BUILD_DIR}/${FRAMEWORKS_FOLDER_PATH}/SDWebImage.framework",
				"${TARGET_BUILD_DIR}/${FRAMEWORKS_FOLDER_PATH}/SnapKit.framework",
			);
			runOnlyForDeploymentPostprocessing = 0;
			shellPath = /bin/sh;
			shellScript = "\"${SRCROOT}/Pods/Target Support Files/Pods-ZJInputBar_Swift/Pods-ZJInputBar_Swift-frameworks.sh\"\n";
			showEnvVarsInLog = 0;
		};
		A2ED2A3B891E298E9AA6C0E5 /* [CP] Copy Pods Resources */ = {
			isa = PBXShellScriptBuildPhase;
			buildActionMask = 2147483647;
			files = (
			);
			inputPaths = (
			);
			name = "[CP] Copy Pods Resources";
			outputPaths = (
			);
			runOnlyForDeploymentPostprocessing = 0;
			shellPath = /bin/sh;
			shellScript = "\"${SRCROOT}/Pods/Target Support Files/Pods-ZJInputBar_Swift/Pods-ZJInputBar_Swift-resources.sh\"\n";
			showEnvVarsInLog = 0;
		};
		B7BE639CC30CA3808F07E4A6 /* [CP] Check Pods Manifest.lock */ = {
			isa = PBXShellScriptBuildPhase;
			buildActionMask = 2147483647;
			files = (
			);
			inputPaths = (
				"${PODS_PODFILE_DIR_PATH}/Podfile.lock",
				"${PODS_ROOT}/Manifest.lock",
			);
			name = "[CP] Check Pods Manifest.lock";
			outputPaths = (
				"$(DERIVED_FILE_DIR)/Pods-ZJInputBar_Swift-checkManifestLockResult.txt",
			);
			runOnlyForDeploymentPostprocessing = 0;
			shellPath = /bin/sh;
			shellScript = "diff \"${PODS_ROOT}/../Podfile.lock\" \"${PODS_ROOT}/Manifest.lock\" > /dev/null\nif [ $? != 0 ] ; then\n    # print error to STDERR\n    echo \"error: The sandbox is not in sync with the Podfile.lock. Run 'pod install' or update your CocoaPods installation.\" >&2\n    exit 1\nfi\n";
			showEnvVarsInLog = 0;
		};
/* End PBXShellScriptBuildPhase section */

/* Begin PBXSourcesBuildPhase section */
		3F7786341C8D101500A50A85 /* Sources */ = {
			isa = PBXSourcesBuildPhase;
			buildActionMask = 2147483647;
			files = (
				3F7786501C8D106C00A50A85 /* InputBarCell.swift in Sources */,
				020DBF9F1FBB040500BB3E15 /* AudioVolumeView.m in Sources */,
				020DBFA01FBB040500BB3E15 /* UIColor+Expanded.m in Sources */,
				020DBF9E1FBB040500BB3E15 /* AudioRecordView.m in Sources */,
				020446861FBC323E009C5B0B /* ZJEmoji.swift in Sources */,
				020DBFA31FBB070F00BB3E15 /* NSString+Common.m in Sources */,
				020DBF921FBB038100BB3E15 /* AudioAmrUtil.m in Sources */,
				020446871FBC323E009C5B0B /* ZJTextAttachment.swift in Sources */,
				3F77863E1C8D101500A50A85 /* ViewController.swift in Sources */,
				0204468A1FBC3B28009C5B0B /* FaceCollCell.swift in Sources */,
				0204468E1FBC3B57009C5B0B /* OtherCollCell.swift in Sources */,
				3F77863C1C8D101500A50A85 /* AppDelegate.swift in Sources */,
				020DBF931FBB038100BB3E15 /* AudioManager.m in Sources */,
				0260CCF81FBD274E0031E27E /* ChatViewController.swift in Sources */,
				020DBF911FBB038100BB3E15 /* amrFileCodec.m in Sources */,
			);
			runOnlyForDeploymentPostprocessing = 0;
		};
/* End PBXSourcesBuildPhase section */

/* Begin PBXVariantGroup section */
		3F77863F1C8D101500A50A85 /* Main.storyboard */ = {
			isa = PBXVariantGroup;
			children = (
				3F7786401C8D101500A50A85 /* Base */,
			);
			name = Main.storyboard;
			sourceTree = "<group>";
		};
		3F7786441C8D101600A50A85 /* LaunchScreen.storyboard */ = {
			isa = PBXVariantGroup;
			children = (
				3F7786451C8D101600A50A85 /* Base */,
			);
			name = LaunchScreen.storyboard;
			sourceTree = "<group>";
		};
/* End PBXVariantGroup section */

/* Begin XCBuildConfiguration section */
		3F7786481C8D101600A50A85 /* Debug */ = {
			isa = XCBuildConfiguration;
			buildSettings = {
				ALWAYS_SEARCH_USER_PATHS = NO;
				CLANG_CXX_LANGUAGE_STANDARD = "gnu++0x";
				CLANG_CXX_LIBRARY = "libc++";
				CLANG_ENABLE_MODULES = YES;
				CLANG_ENABLE_OBJC_ARC = YES;
				CLANG_WARN_BLOCK_CAPTURE_AUTORELEASING = YES;
				CLANG_WARN_BOOL_CONVERSION = YES;
				CLANG_WARN_COMMA = YES;
				CLANG_WARN_CONSTANT_CONVERSION = YES;
				CLANG_WARN_DIRECT_OBJC_ISA_USAGE = YES_ERROR;
				CLANG_WARN_EMPTY_BODY = YES;
				CLANG_WARN_ENUM_CONVERSION = YES;
				CLANG_WARN_INFINITE_RECURSION = YES;
				CLANG_WARN_INT_CONVERSION = YES;
				CLANG_WARN_NON_LITERAL_NULL_CONVERSION = YES;
				CLANG_WARN_OBJC_LITERAL_CONVERSION = YES;
				CLANG_WARN_OBJC_ROOT_CLASS = YES_ERROR;
				CLANG_WARN_RANGE_LOOP_ANALYSIS = YES;
				CLANG_WARN_STRICT_PROTOTYPES = YES;
				CLANG_WARN_SUSPICIOUS_MOVE = YES;
				CLANG_WARN_UNREACHABLE_CODE = YES;
				CLANG_WARN__DUPLICATE_METHOD_MATCH = YES;
				"CODE_SIGN_IDENTITY[sdk=iphoneos*]" = "iPhone Developer";
				COPY_PHASE_STRIP = NO;
				DEBUG_INFORMATION_FORMAT = dwarf;
				ENABLE_STRICT_OBJC_MSGSEND = YES;
				ENABLE_TESTABILITY = YES;
				GCC_C_LANGUAGE_STANDARD = gnu99;
				GCC_DYNAMIC_NO_PIC = NO;
				GCC_NO_COMMON_BLOCKS = YES;
				GCC_OPTIMIZATION_LEVEL = 0;
				GCC_PREPROCESSOR_DEFINITIONS = (
					"DEBUG=1",
					"$(inherited)",
				);
				GCC_WARN_64_TO_32_BIT_CONVERSION = YES;
				GCC_WARN_ABOUT_RETURN_TYPE = YES_ERROR;
				GCC_WARN_UNDECLARED_SELECTOR = YES;
				GCC_WARN_UNINITIALIZED_AUTOS = YES_AGGRESSIVE;
				GCC_WARN_UNUSED_FUNCTION = YES;
				GCC_WARN_UNUSED_VARIABLE = YES;
				IPHONEOS_DEPLOYMENT_TARGET = 9.2;
				MTL_ENABLE_DEBUG_INFO = YES;
				ONLY_ACTIVE_ARCH = YES;
				SDKROOT = iphoneos;
				SWIFT_OPTIMIZATION_LEVEL = "-Onone";
			};
			name = Debug;
		};
		3F7786491C8D101600A50A85 /* Release */ = {
			isa = XCBuildConfiguration;
			buildSettings = {
				ALWAYS_SEARCH_USER_PATHS = NO;
				CLANG_CXX_LANGUAGE_STANDARD = "gnu++0x";
				CLANG_CXX_LIBRARY = "libc++";
				CLANG_ENABLE_MODULES = YES;
				CLANG_ENABLE_OBJC_ARC = YES;
				CLANG_WARN_BLOCK_CAPTURE_AUTORELEASING = YES;
				CLANG_WARN_BOOL_CONVERSION = YES;
				CLANG_WARN_COMMA = YES;
				CLANG_WARN_CONSTANT_CONVERSION = YES;
				CLANG_WARN_DIRECT_OBJC_ISA_USAGE = YES_ERROR;
				CLANG_WARN_EMPTY_BODY = YES;
				CLANG_WARN_ENUM_CONVERSION = YES;
				CLANG_WARN_INFINITE_RECURSION = YES;
				CLANG_WARN_INT_CONVERSION = YES;
				CLANG_WARN_NON_LITERAL_NULL_CONVERSION = YES;
				CLANG_WARN_OBJC_LITERAL_CONVERSION = YES;
				CLANG_WARN_OBJC_ROOT_CLASS = YES_ERROR;
				CLANG_WARN_RANGE_LOOP_ANALYSIS = YES;
				CLANG_WARN_STRICT_PROTOTYPES = YES;
				CLANG_WARN_SUSPICIOUS_MOVE = YES;
				CLANG_WARN_UNREACHABLE_CODE = YES;
				CLANG_WARN__DUPLICATE_METHOD_MATCH = YES;
				"CODE_SIGN_IDENTITY[sdk=iphoneos*]" = "iPhone Developer";
				COPY_PHASE_STRIP = NO;
				DEBUG_INFORMATION_FORMAT = "dwarf-with-dsym";
				ENABLE_NS_ASSERTIONS = NO;
				ENABLE_STRICT_OBJC_MSGSEND = YES;
				GCC_C_LANGUAGE_STANDARD = gnu99;
				GCC_NO_COMMON_BLOCKS = YES;
				GCC_WARN_64_TO_32_BIT_CONVERSION = YES;
				GCC_WARN_ABOUT_RETURN_TYPE = YES_ERROR;
				GCC_WARN_UNDECLARED_SELECTOR = YES;
				GCC_WARN_UNINITIALIZED_AUTOS = YES_AGGRESSIVE;
				GCC_WARN_UNUSED_FUNCTION = YES;
				GCC_WARN_UNUSED_VARIABLE = YES;
				IPHONEOS_DEPLOYMENT_TARGET = 9.2;
				MTL_ENABLE_DEBUG_INFO = NO;
				SDKROOT = iphoneos;
				SWIFT_OPTIMIZATION_LEVEL = "-Owholemodule";
				VALIDATE_PRODUCT = YES;
			};
			name = Release;
		};
		3F77864B1C8D101600A50A85 /* Debug */ = {
			isa = XCBuildConfiguration;
			baseConfigurationReference = 34CBFCA18006CB3767390B80 /* Pods-ZJInputBar_Swift.debug.xcconfig */;
			buildSettings = {
				ASSETCATALOG_COMPILER_APPICON_NAME = AppIcon;
				CLANG_ENABLE_MODULES = YES;
				CODE_SIGN_IDENTITY = "iPhone Developer";
				DEVELOPMENT_TEAM = ZE78BS9TBK;
				ENABLE_BITCODE = NO;
				INFOPLIST_FILE = ZJInputBar_Swift/Info.plist;
				LD_RUNPATH_SEARCH_PATHS = "$(inherited) @executable_path/Frameworks";
				LIBRARY_SEARCH_PATHS = (
					"$(inherited)",
					"$(PROJECT_DIR)/ZJInputBar_Swift/Lib/OC/Audio/opencore-amr-iOS/lib",
				);
				PRODUCT_BUNDLE_IDENTIFIER = "cn.psvmc.ZJInputBar-Swift";
				PRODUCT_NAME = "$(TARGET_NAME)";
				SWIFT_OBJC_BRIDGING_HEADER = "$(SWIFT_MODULE_NAME)/Swift-Bridging-Header.h";
				SWIFT_OPTIMIZATION_LEVEL = "-Onone";
				SWIFT_SWIFT3_OBJC_INFERENCE = Default;
				SWIFT_VERSION = 4.0;
			};
			name = Debug;
		};
		3F77864C1C8D101600A50A85 /* Release */ = {
			isa = XCBuildConfiguration;
			baseConfigurationReference = 8ECBFFB4CF5040C38BF1F4D9 /* Pods-ZJInputBar_Swift.release.xcconfig */;
			buildSettings = {
				ASSETCATALOG_COMPILER_APPICON_NAME = AppIcon;
				CLANG_ENABLE_MODULES = YES;
				CODE_SIGN_IDENTITY = "iPhone Developer";
				DEVELOPMENT_TEAM = ZE78BS9TBK;
				ENABLE_BITCODE = NO;
				INFOPLIST_FILE = ZJInputBar_Swift/Info.plist;
				LD_RUNPATH_SEARCH_PATHS = "$(inherited) @executable_path/Frameworks";
				LIBRARY_SEARCH_PATHS = (
					"$(inherited)",
					"$(PROJECT_DIR)/ZJInputBar_Swift/Lib/OC/Audio/opencore-amr-iOS/lib",
				);
				PRODUCT_BUNDLE_IDENTIFIER = "cn.psvmc.ZJInputBar-Swift";
				PRODUCT_NAME = "$(TARGET_NAME)";
				SWIFT_OBJC_BRIDGING_HEADER = "$(SWIFT_MODULE_NAME)/Swift-Bridging-Header.h";
				SWIFT_SWIFT3_OBJC_INFERENCE = Default;
				SWIFT_VERSION = 4.0;
			};
			name = Release;
		};
/* End XCBuildConfiguration section */

/* Begin XCConfigurationList section */
		3F7786331C8D101500A50A85 /* Build configuration list for PBXProject "ZJInputBar_Swift" */ = {
			isa = XCConfigurationList;
			buildConfigurations = (
				3F7786481C8D101600A50A85 /* Debug */,
				3F7786491C8D101600A50A85 /* Release */,
			);
			defaultConfigurationIsVisible = 0;
			defaultConfigurationName = Release;
		};
		3F77864A1C8D101600A50A85 /* Build configuration list for PBXNativeTarget "ZJInputBar_Swift" */ = {
			isa = XCConfigurationList;
			buildConfigurations = (
				3F77864B1C8D101600A50A85 /* Debug */,
				3F77864C1C8D101600A50A85 /* Release */,
			);
			defaultConfigurationIsVisible = 0;
			defaultConfigurationName = Release;
		};
/* End XCConfigurationList section */
	};
	rootObject = 3F7786301C8D101500A50A85 /* Project object */;
}
