// !$*UTF8*$!
{
	archiveVersion = 1;
	classes = {
	};
	objectVersion = 46;
	objects = {

/* Begin PBXBuildFile section */
		3F77863C1C8D101500A50A85 /* AppDelegate.swift in Sources */ = {isa = PBXBuildFile; fileRef = 3F77863B1C8D101500A50A85 /* AppDelegate.swift */; };
		3F77863E1C8D101500A50A85 /* ViewController.swift in Sources */ = {isa = PBXBuildFile; fileRef = 3F77863D1C8D101500A50A85 /* ViewController.swift */; };
		3F7786411C8D101500A50A85 /* Main.storyboard in Resources */ = {isa = PBXBuildFile; fileRef = 3F77863F1C8D101500A50A85 /* Main.storyboard */; };
		3F7786431C8D101600A50A85 /* Assets.xcassets in Resources */ = {isa = PBXBuildFile; fileRef = 3F7786421C8D101600A50A85 /* Assets.xcassets */; };
		3F7786461C8D101600A50A85 /* LaunchScreen.storyboard in Resources */ = {isa = PBXBuildFile; fileRef = 3F7786441C8D101600A50A85 /* LaunchScreen.storyboard */; };
		3F7786501C8D106C00A50A85 /* InputBarCell.swift in Sources */ = {isa = PBXBuildFile; fileRef = 3F77864E1C8D106C00A50A85 /* InputBarCell.swift */; };
		3F7786511C8D106C00A50A85 /* InputBarCell.xib in Resources */ = {isa = PBXBuildFile; fileRef = 3F77864F1C8D106C00A50A85 /* InputBarCell.xib */; };
		3F7786541C8D1D5100A50A85 /* InputMoreCell.swift in Sources */ = {isa = PBXBuildFile; fileRef = 3F7786521C8D1D5100A50A85 /* InputMoreCell.swift */; };
		3F7786551C8D1D5100A50A85 /* InputMoreCell.xib in Resources */ = {isa = PBXBuildFile; fileRef = 3F7786531C8D1D5100A50A85 /* InputMoreCell.xib */; };
/* End PBXBuildFile section */

/* Begin PBXFileReference section */
		3F7786381C8D101500A50A85 /* ZJInputBar_Swift.app */ = {isa = PBXFileReference; explicitFileType = wrapper.application; includeInIndex = 0; path = ZJInputBar_Swift.app; sourceTree = BUILT_PRODUCTS_DIR; };
		3F77863B1C8D101500A50A85 /* AppDelegate.swift */ = {isa = PBXFileReference; lastKnownFileType = sourcecode.swift; path = AppDelegate.swift; sourceTree = "<group>"; };
		3F77863D1C8D101500A50A85 /* ViewController.swift */ = {isa = PBXFileReference; lastKnownFileType = sourcecode.swift; path = ViewController.swift; sourceTree = "<group>"; };
		3F7786401C8D101500A50A85 /* Base */ = {isa = PBXFileReference; lastKnownFileType = file.storyboard; name = Base; path = Base.lproj/Main.storyboard; sourceTree = "<group>"; };
		3F7786421C8D101600A50A85 /* Assets.xcassets */ = {isa = PBXFileReference; lastKnownFileType = folder.assetcatalog; path = Assets.xcassets; sourceTree = "<group>"; };
		3F7786451C8D101600A50A85 /* Base */ = {isa = PBXFileReference; lastKnownFileType = file.storyboard; name = Base; path = Base.lproj/LaunchScreen.storyboard; sourceTree = "<group>"; };
		3F7786471C8D101600A50A85 /* Info.plist */ = {isa = PBXFileReference; lastKnownFileType = text.plist.xml; path = Info.plist; sourceTree = "<group>"; };
		3F77864E1C8D106C00A50A85 /* InputBarCell.swift */ = {isa = PBXFileReference; fileEncoding = 4; lastKnownFileType = sourcecode.swift; path = InputBarCell.swift; sourceTree = "<group>"; };
		3F77864F1C8D106C00A50A85 /* InputBarCell.xib */ = {isa = PBXFileReference; fileEncoding = 4; lastKnownFileType = file.xib; path = InputBarCell.xib; sourceTree = "<group>"; };
		3F7786521C8D1D5100A50A85 /* InputMoreCell.swift */ = {isa = PBXFileReference; fileEncoding = 4; lastKnownFileType = sourcecode.swift; path = InputMoreCell.swift; sourceTree = "<group>"; };
		3F7786531C8D1D5100A50A85 /* InputMoreCell.xib */ = {isa = PBXFileReference; fileEncoding = 4; lastKnownFileType = file.xib; path = InputMoreCell.xib; sourceTree = "<group>"; };
/* End PBXFileReference section */

/* Begin PBXFrameworksBuildPhase section */
		3F7786351C8D101500A50A85 /* Frameworks */ = {
			isa = PBXFrameworksBuildPhase;
			buildActionMask = 2147483647;
			files = (
			);
			runOnlyForDeploymentPostprocessing = 0;
		};
/* End PBXFrameworksBuildPhase section */

/* Begin PBXGroup section */
		3F77862F1C8D101500A50A85 = {
			isa = PBXGroup;
			children = (
				3F77863A1C8D101500A50A85 /* ZJInputBar_Swift */,
				3F7786391C8D101500A50A85 /* Products */,
			);
			sourceTree = "<group>";
		};
		3F7786391C8D101500A50A85 /* Products */ = {
			isa = PBXGroup;
			children = (
				3F7786381C8D101500A50A85 /* ZJInputBar_Swift.app */,
			);
			name = Products;
			sourceTree = "<group>";
		};
		3F77863A1C8D101500A50A85 /* ZJInputBar_Swift */ = {
			isa = PBXGroup;
			children = (
				3F77864D1C8D104100A50A85 /* UITableViewCell */,
				3F77863B1C8D101500A50A85 /* AppDelegate.swift */,
				3F77863D1C8D101500A50A85 /* ViewController.swift */,
				3F77863F1C8D101500A50A85 /* Main.storyboard */,
				3F7786421C8D101600A50A85 /* Assets.xcassets */,
				3F7786441C8D101600A50A85 /* LaunchScreen.storyboard */,
				3F7786471C8D101600A50A85 /* Info.plist */,
			);
			path = ZJInputBar_Swift;
			sourceTree = "<group>";
		};
		3F77864D1C8D104100A50A85 /* UITableViewCell */ = {
			isa = PBXGroup;
			children = (
				3F77864E1C8D106C00A50A85 /* InputBarCell.swift */,
				3F77864F1C8D106C00A50A85 /* InputBarCell.xib */,
				3F7786521C8D1D5100A50A85 /* InputMoreCell.swift */,
				3F7786531C8D1D5100A50A85 /* InputMoreCell.xib */,
			);
			path = UITableViewCell;
			sourceTree = "<group>";
		};
/* End PBXGroup section */

/* Begin PBXNativeTarget section */
		3F7786371C8D101500A50A85 /* ZJInputBar_Swift */ = {
			isa = PBXNativeTarget;
			buildConfigurationList = 3F77864A1C8D101600A50A85 /* Build configuration list for PBXNativeTarget "ZJInputBar_Swift" */;
			buildPhases = (
				3F7786341C8D101500A50A85 /* Sources */,
				3F7786351C8D101500A50A85 /* Frameworks */,
				3F7786361C8D101500A50A85 /* Resources */,
			);
			buildRules = (
			);
			dependencies = (
			);
			name = ZJInputBar_Swift;
			productName = ZJInputBar_Swift;
			productReference = 3F7786381C8D101500A50A85 /* ZJInputBar_Swift.app */;
			productType = "com.apple.product-type.application";
		};
/* End PBXNativeTarget section */

/* Begin PBXProject section */
		3F7786301C8D101500A50A85 /* Project object */ = {
			isa = PBXProject;
			attributes = {
				LastSwiftUpdateCheck = 0720;
				LastUpgradeCheck = 0720;
				ORGANIZATIONNAME = "张剑";
				TargetAttributes = {
					3F7786371C8D101500A50A85 = {
						CreatedOnToolsVersion = 7.2.1;
						DevelopmentTeam = 6U6NNJD6PX;
					};
				};
			};
			buildConfigurationList = 3F7786331C8D101500A50A85 /* Build configuration list for PBXProject "ZJInputBar_Swift" */;
			compatibilityVersion = "Xcode 3.2";
			developmentRegion = English;
			hasScannedForEncodings = 0;
			knownRegions = (
				en,
				Base,
			);
			mainGroup = 3F77862F1C8D101500A50A85;
			productRefGroup = 3F7786391C8D101500A50A85 /* Products */;
			projectDirPath = "";
			projectRoot = "";
			targets = (
				3F7786371C8D101500A50A85 /* ZJInputBar_Swift */,
			);
		};
/* End PBXProject section */

/* Begin PBXResourcesBuildPhase section */
		3F7786361C8D101500A50A85 /* Resources */ = {
			isa = PBXResourcesBuildPhase;
			buildActionMask = 2147483647;
			files = (
				3F7786461C8D101600A50A85 /* LaunchScreen.storyboard in Resources */,
				3F7786431C8D101600A50A85 /* Assets.xcassets in Resources */,
				3F7786511C8D106C00A50A85 /* InputBarCell.xib in Resources */,
				3F7786411C8D101500A50A85 /* Main.storyboard in Resources */,
				3F7786551C8D1D5100A50A85 /* InputMoreCell.xib in Resources */,
			);
			runOnlyForDeploymentPostprocessing = 0;
		};
/* End PBXResourcesBuildPhase section */

/* Begin PBXSourcesBuildPhase section */
		3F7786341C8D101500A50A85 /* Sources */ = {
			isa = PBXSourcesBuildPhase;
			buildActionMask = 2147483647;
			files = (
				3F7786501C8D106C00A50A85 /* InputBarCell.swift in Sources */,
				3F7786541C8D1D5100A50A85 /* InputMoreCell.swift in Sources */,
				3F77863E1C8D101500A50A85 /* ViewController.swift in Sources */,
				3F77863C1C8D101500A50A85 /* AppDelegate.swift in Sources */,
			);
			runOnlyForDeploymentPostprocessing = 0;
		};
/* End PBXSourcesBuildPhase section */

/* Begin PBXVariantGroup section */
		3F77863F1C8D101500A50A85 /* Main.storyboard */ = {
			isa = PBXVariantGroup;
			children = (
				3F7786401C8D101500A50A85 /* Base */,
			);
			name = Main.storyboard;
			sourceTree = "<group>";
		};
		3F7786441C8D101600A50A85 /* LaunchScreen.storyboard */ = {
			isa = PBXVariantGroup;
			children = (
				3F7786451C8D101600A50A85 /* Base */,
			);
			name = LaunchScreen.storyboard;
			sourceTree = "<group>";
		};
/* End PBXVariantGroup section */

/* Begin XCBuildConfiguration section */
		3F7786481C8D101600A50A85 /* Debug */ = {
			isa = XCBuildConfiguration;
			buildSettings = {
				ALWAYS_SEARCH_USER_PATHS = NO;
				CLANG_CXX_LANGUAGE_STANDARD = "gnu++0x";
				CLANG_CXX_LIBRARY = "libc++";
				CLANG_ENABLE_MODULES = YES;
				CLANG_ENABLE_OBJC_ARC = YES;
				CLANG_WARN_BOOL_CONVERSION = YES;
				CLANG_WARN_CONSTANT_CONVERSION = YES;
				CLANG_WARN_DIRECT_OBJC_ISA_USAGE = YES_ERROR;
				CLANG_WARN_EMPTY_BODY = YES;
				CLANG_WARN_ENUM_CONVERSION = YES;
				CLANG_WARN_INT_CONVERSION = YES;
				CLANG_WARN_OBJC_ROOT_CLASS = YES_ERROR;
				CLANG_WARN_UNREACHABLE_CODE = YES;
				CLANG_WARN__DUPLICATE_METHOD_MATCH = YES;
				"CODE_SIGN_IDENTITY[sdk=iphoneos*]" = "iPhone Developer";
				COPY_PHASE_STRIP = NO;
				DEBUG_INFORMATION_FORMAT = dwarf;
				ENABLE_STRICT_OBJC_MSGSEND = YES;
				ENABLE_TESTABILITY = YES;
				GCC_C_LANGUAGE_STANDARD = gnu99;
				GCC_DYNAMIC_NO_PIC = NO;
				GCC_NO_COMMON_BLOCKS = YES;
				GCC_OPTIMIZATION_LEVEL = 0;
				GCC_PREPROCESSOR_DEFINITIONS = (
					"DEBUG=1",
					"$(inherited)",
				);
				GCC_WARN_64_TO_32_BIT_CONVERSION = YES;
				GCC_WARN_ABOUT_RETURN_TYPE = YES_ERROR;
				GCC_WARN_UNDECLARED_SELECTOR = YES;
				GCC_WARN_UNINITIALIZED_AUTOS = YES_AGGRESSIVE;
				GCC_WARN_UNUSED_FUNCTION = YES;
				GCC_WARN_UNUSED_VARIABLE = YES;
				IPHONEOS_DEPLOYMENT_TARGET = 9.2;
				MTL_ENABLE_DEBUG_INFO = YES;
				ONLY_ACTIVE_ARCH = YES;
				SDKROOT = iphoneos;
				SWIFT_OPTIMIZATION_LEVEL = "-Onone";
			};
			name = Debug;
		};
		3F7786491C8D101600A50A85 /* Release */ = {
			isa = XCBuildConfiguration;
			buildSettings = {
				ALWAYS_SEARCH_USER_PATHS = NO;
				CLANG_CXX_LANGUAGE_STANDARD = "gnu++0x";
				CLANG_CXX_LIBRARY = "libc++";
				CLANG_ENABLE_MODULES = YES;
				CLANG_ENABLE_OBJC_ARC = YES;
				CLANG_WARN_BOOL_CONVERSION = YES;
				CLANG_WARN_CONSTANT_CONVERSION = YES;
				CLANG_WARN_DIRECT_OBJC_ISA_USAGE = YES_ERROR;
				CLANG_WARN_EMPTY_BODY = YES;
				CLANG_WARN_ENUM_CONVERSION = YES;
				CLANG_WARN_INT_CONVERSION = YES;
				CLANG_WARN_OBJC_ROOT_CLASS = YES_ERROR;
				CLANG_WARN_UNREACHABLE_CODE = YES;
				CLANG_WARN__DUPLICATE_METHOD_MATCH = YES;
				"CODE_SIGN_IDENTITY[sdk=iphoneos*]" = "iPhone Developer";
				COPY_PHASE_STRIP = NO;
				DEBUG_INFORMATION_FORMAT = "dwarf-with-dsym";
				ENABLE_NS_ASSERTIONS = NO;
				ENABLE_STRICT_OBJC_MSGSEND = YES;
				GCC_C_LANGUAGE_STANDARD = gnu99;
				GCC_NO_COMMON_BLOCKS = YES;
				GCC_WARN_64_TO_32_BIT_CONVERSION = YES;
				GCC_WARN_ABOUT_RETURN_TYPE = YES_ERROR;
				GCC_WARN_UNDECLARED_SELECTOR = YES;
				GCC_WARN_UNINITIALIZED_AUTOS = YES_AGGRESSIVE;
				GCC_WARN_UNUSED_FUNCTION = YES;
				GCC_WARN_UNUSED_VARIABLE = YES;
				IPHONEOS_DEPLOYMENT_TARGET = 9.2;
				MTL_ENABLE_DEBUG_INFO = NO;
				SDKROOT = iphoneos;
				VALIDATE_PRODUCT = YES;
			};
			name = Release;
		};
		3F77864B1C8D101600A50A85 /* Debug */ = {
			isa = XCBuildConfiguration;
			buildSettings = {
				ASSETCATALOG_COMPILER_APPICON_NAME = AppIcon;
				CODE_SIGN_IDENTITY = "iPhone Developer";
				INFOPLIST_FILE = ZJInputBar_Swift/Info.plist;
				LD_RUNPATH_SEARCH_PATHS = "$(inherited) @executable_path/Frameworks";
				PRODUCT_BUNDLE_IDENTIFIER = "cn.psvmc.ZJInputBar-Swift";
				PRODUCT_NAME = "$(TARGET_NAME)";
			};
			name = Debug;
		};
		3F77864C1C8D101600A50A85 /* Release */ = {
			isa = XCBuildConfiguration;
			buildSettings = {
				ASSETCATALOG_COMPILER_APPICON_NAME = AppIcon;
				CODE_SIGN_IDENTITY = "iPhone Developer";
				INFOPLIST_FILE = ZJInputBar_Swift/Info.plist;
				LD_RUNPATH_SEARCH_PATHS = "$(inherited) @executable_path/Frameworks";
				PRODUCT_BUNDLE_IDENTIFIER = "cn.psvmc.ZJInputBar-Swift";
				PRODUCT_NAME = "$(TARGET_NAME)";
			};
			name = Release;
		};
/* End XCBuildConfiguration section */

/* Begin XCConfigurationList section */
		3F7786331C8D101500A50A85 /* Build configuration list for PBXProject "ZJInputBar_Swift" */ = {
			isa = XCConfigurationList;
			buildConfigurations = (
				3F7786481C8D101600A50A85 /* Debug */,
				3F7786491C8D101600A50A85 /* Release */,
			);
			defaultConfigurationIsVisible = 0;
			defaultConfigurationName = Release;
		};
		3F77864A1C8D101600A50A85 /* Build configuration list for PBXNativeTarget "ZJInputBar_Swift" */ = {
			isa = XCConfigurationList;
			buildConfigurations = (
				3F77864B1C8D101600A50A85 /* Debug */,
				3F77864C1C8D101600A50A85 /* Release */,
			);
			defaultConfigurationIsVisible = 0;
		};
/* End XCConfigurationList section */
	};
	rootObject = 3F7786301C8D101500A50A85 /* Project object */;
}
