// !$*UTF8*$!
{
	archiveVersion = 1;
	classes = {
	};
	objectVersion = 46;
	objects = {

/* Begin PBXBuildFile section */
		020DBF911FBB038100BB3E15 /* amrFileCodec.m in Sources */ = {isa = PBXBuildFile; fileRef = 020DBF811FBB038100BB3E15 /* amrFileCodec.m */; };
		020DBF921FBB038100BB3E15 /* AudioAmrUtil.m in Sources */ = {isa = PBXBuildFile; fileRef = 020DBF831FBB038100BB3E15 /* AudioAmrUtil.m */; };
		020DBF931FBB038100BB3E15 /* AudioManager.m in Sources */ = {isa = PBXBuildFile; fileRef = 020DBF851FBB038100BB3E15 /* AudioManager.m */; };
		020DBF941FBB038100BB3E15 /* libopencore-amrnb.a in Frameworks */ = {isa = PBXBuildFile; fileRef = 020DBF8F1FBB038100BB3E15 /* libopencore-amrnb.a */; };
		020DBF951FBB038100BB3E15 /* libopencore-amrwb.a in Frameworks */ = {isa = PBXBuildFile; fileRef = 020DBF901FBB038100BB3E15 /* libopencore-amrwb.a */; };
		020DBF9E1FBB040500BB3E15 /* AudioRecordView.m in Sources */ = {isa = PBXBuildFile; fileRef = 020DBF981FBB040400BB3E15 /* AudioRecordView.m */; };
		020DBF9F1FBB040500BB3E15 /* AudioVolumeView.m in Sources */ = {isa = PBXBuildFile; fileRef = 020DBF9A1FBB040400BB3E15 /* AudioVolumeView.m */; };
		020DBFA01FBB040500BB3E15 /* UIColor+Expanded.m in Sources */ = {isa = PBXBuildFile; fileRef = 020DBF9D1FBB040400BB3E15 /* UIColor+Expanded.m */; };
		020DBFA31FBB070F00BB3E15 /* NSString+Common.m in Sources */ = {isa = PBXBuildFile; fileRef = 020DBFA11FBB070F00BB3E15 /* NSString+Common.m */; };
		29350FC61D5C9C2245FEFDD5 /* Pods_ZJInputBar_Swift.framework in Frameworks */ = {isa = PBXBuildFile; fileRef = 15C525B584484C581FE4E2DF /* Pods_ZJInputBar_Swift.framework */; };
		3F77863C1C8D101500A50A85 /* AppDelegate.swift in Sources */ = {isa = PBXBuildFile; fileRef = 3F77863B1C8D101500A50A85 /* AppDelegate.swift */; };
		3F77863E1C8D101500A50A85 /* ViewController.swift in Sources */ = {isa = PBXBuildFile; fileRef = 3F77863D1C8D101500A50A85 /* ViewController.swift */; };
		3F7786411C8D101500A50A85 /* Main.storyboard in Resources */ = {isa = PBXBuildFile; fileRef = 3F77863F1C8D101500A50A85 /* Main.storyboard */; };
		3F7786431C8D101600A50A85 /* Assets.xcassets in Resources */ = {isa = PBXBuildFile; fileRef = 3F7786421C8D101600A50A85 /* Assets.xcassets */; };
		3F7786461C8D101600A50A85 /* LaunchScreen.storyboard in Resources */ = {isa = PBXBuildFile; fileRef = 3F7786441C8D101600A50A85 /* LaunchScreen.storyboard */; };
		3F7786501C8D106C00A50A85 /* InputBarCell.swift in Sources */ = {isa = PBXBuildFile; fileRef = 3F77864E1C8D106C00A50A85 /* InputBarCell.swift */; };
		3F7786511C8D106C00A50A85 /* InputBarCell.xib in Resources */ = {isa = PBXBuildFile; fileRef = 3F77864F1C8D106C00A50A85 /* InputBarCell.xib */; };
		3FB4F9391FBB305600B91C50 /* keyboard_voice_record@2x.png in Resources */ = {isa = PBXBuildFile; fileRef = 3FB4F9381FBB305600B91C50 /* keyboard_voice_record@2x.png */; };
/* End PBXBuildFile section */

/* Begin PBXFileReference section */
		020DBF781FBAFFEB00BB3E15 /* Swift-Bridging-Header.h */ = {isa = PBXFileReference; lastKnownFileType = sourcecode.c.h; path = "Swift-Bridging-Header.h"; sourceTree = "<group>"; };
		020DBF801FBB038100BB3E15 /* amrFileCodec.h */ = {isa = PBXFileReference; fileEncoding = 4; lastKnownFileType = sourcecode.c.h; path = amrFileCodec.h; sourceTree = "<group>"; };
		020DBF811FBB038100BB3E15 /* amrFileCodec.m */ = {isa = PBXFileReference; fileEncoding = 4; lastKnownFileType = sourcecode.c.objc; path = amrFileCodec.m; sourceTree = "<group>"; };
		020DBF821FBB038100BB3E15 /* AudioAmrUtil.h */ = {isa = PBXFileReference; fileEncoding = 4; lastKnownFileType = sourcecode.c.h; path = AudioAmrUtil.h; sourceTree = "<group>"; };
		020DBF831FBB038100BB3E15 /* AudioAmrUtil.m */ = {isa = PBXFileReference; fileEncoding = 4; lastKnownFileType = sourcecode.c.objc; path = AudioAmrUtil.m; sourceTree = "<group>"; };
		020DBF841FBB038100BB3E15 /* AudioManager.h */ = {isa = PBXFileReference; fileEncoding = 4; lastKnownFileType = sourcecode.c.h; path = AudioManager.h; sourceTree = "<group>"; };
		020DBF851FBB038100BB3E15 /* AudioManager.m */ = {isa = PBXFileReference; fileEncoding = 4; lastKnownFileType = sourcecode.c.objc; path = AudioManager.m; sourceTree = "<group>"; };
		020DBF891FBB038100BB3E15 /* interf_dec.h */ = {isa = PBXFileReference; fileEncoding = 4; lastKnownFileType = sourcecode.c.h; path = interf_dec.h; sourceTree = "<group>"; };
		020DBF8A1FBB038100BB3E15 /* interf_enc.h */ = {isa = PBXFileReference; fileEncoding = 4; lastKnownFileType = sourcecode.c.h; path = interf_enc.h; sourceTree = "<group>"; };
		020DBF8C1FBB038100BB3E15 /* dec_if.h */ = {isa = PBXFileReference; fileEncoding = 4; lastKnownFileType = sourcecode.c.h; path = dec_if.h; sourceTree = "<group>"; };
		020DBF8D1FBB038100BB3E15 /* if_rom.h */ = {isa = PBXFileReference; fileEncoding = 4; lastKnownFileType = sourcecode.c.h; path = if_rom.h; sourceTree = "<group>"; };
		020DBF8F1FBB038100BB3E15 /* libopencore-amrnb.a */ = {isa = PBXFileReference; lastKnownFileType = archive.ar; path = "libopencore-amrnb.a"; sourceTree = "<group>"; };
		020DBF901FBB038100BB3E15 /* libopencore-amrwb.a */ = {isa = PBXFileReference; lastKnownFileType = archive.ar; path = "libopencore-amrwb.a"; sourceTree = "<group>"; };
		020DBF971FBB040400BB3E15 /* AudioRecordView.h */ = {isa = PBXFileReference; fileEncoding = 4; lastKnownFileType = sourcecode.c.h; path = AudioRecordView.h; sourceTree = "<group>"; };
		020DBF981FBB040400BB3E15 /* AudioRecordView.m */ = {isa = PBXFileReference; fileEncoding = 4; lastKnownFileType = sourcecode.c.objc; path = AudioRecordView.m; sourceTree = "<group>"; };
		020DBF991FBB040400BB3E15 /* AudioVolumeView.h */ = {isa = PBXFileReference; fileEncoding = 4; lastKnownFileType = sourcecode.c.h; path = AudioVolumeView.h; sourceTree = "<group>"; };
		020DBF9A1FBB040400BB3E15 /* AudioVolumeView.m */ = {isa = PBXFileReference; fileEncoding = 4; lastKnownFileType = sourcecode.c.objc; path = AudioVolumeView.m; sourceTree = "<group>"; };
		020DBF9C1FBB040400BB3E15 /* UIColor+Expanded.h */ = {isa = PBXFileReference; fileEncoding = 4; lastKnownFileType = sourcecode.c.h; path = "UIColor+Expanded.h"; sourceTree = "<group>"; };
		020DBF9D1FBB040400BB3E15 /* UIColor+Expanded.m */ = {isa = PBXFileReference; fileEncoding = 4; lastKnownFileType = sourcecode.c.objc; path = "UIColor+Expanded.m"; sourceTree = "<group>"; };
		020DBFA11FBB070F00BB3E15 /* NSString+Common.m */ = {isa = PBXFileReference; fileEncoding = 4; lastKnownFileType = sourcecode.c.objc; path = "NSString+Common.m"; sourceTree = "<group>"; };
		020DBFA21FBB070F00BB3E15 /* NSString+Common.h */ = {isa = PBXFileReference; fileEncoding = 4; lastKnownFileType = sourcecode.c.h; path = "NSString+Common.h"; sourceTree = "<group>"; };
		15C525B584484C581FE4E2DF /* Pods_ZJInputBar_Swift.framework */ = {isa = PBXFileReference; explicitFileType = wrapper.framework; includeInIndex = 0; path = Pods_ZJInputBar_Swift.framework; sourceTree = BUILT_PRODUCTS_DIR; };
		34CBFCA18006CB3767390B80 /* Pods-ZJInputBar_Swift.debug.xcconfig */ = {isa = PBXFileReference; includeInIndex = 1; lastKnownFileType = text.xcconfig; name = "Pods-ZJInputBar_Swift.debug.xcconfig"; path = "Pods/Target Support Files/Pods-ZJInputBar_Swift/Pods-ZJInputBar_Swift.debug.xcconfig"; sourceTree = "<group>"; };
		3F7786381C8D101500A50A85 /* ZJInputBar_Swift.app */ = {isa = PBXFileReference; explicitFileType = wrapper.application; includeInIndex = 0; path = ZJInputBar_Swift.app; sourceTree = BUILT_PRODUCTS_DIR; };
		3F77863B1C8D101500A50A85 /* AppDelegate.swift */ = {isa = PBXFileReference; lastKnownFileType = sourcecode.swift; path = AppDelegate.swift; sourceTree = "<group>"; };
		3F77863D1C8D101500A50A85 /* ViewController.swift */ = {isa = PBXFileReference; lastKnownFileType = sourcecode.swift; path = ViewController.swift; sourceTree = "<group>"; };
		3F7786401C8D101500A50A85 /* Base */ = {isa = PBXFileReference; lastKnownFileType = file.storyboard; name = Base; path = Base.lproj/Main.storyboard; sourceTree = "<group>"; };
		3F7786421C8D101600A50A85 /* Assets.xcassets */ = {isa = PBXFileReference; lastKnownFileType = folder.assetcatalog; path = Assets.xcassets; sourceTree = "<group>"; };
		3F7786451C8D101600A50A85 /* Base */ = {isa = PBXFileReference; lastKnownFileType = file.storyboard; name = Base; path = Base.lproj/LaunchScreen.storyboard; sourceTree = "<group>"; };
		3F7786471C8D101600A50A85 /* Info.plist */ = {isa = PBXFileReference; lastKnownFileType = text.plist.xml; path = Info.plist; sourceTree = "<group>"; };
		3F77864E1C8D106C00A50A85 /* InputBarCell.swift */ = {isa = PBXFileReference; fileEncoding = 4; lastKnownFileType = sourcecode.swift; path = InputBarCell.swift; sourceTree = "<group>"; };
		3F77864F1C8D106C00A50A85 /* InputBarCell.xib */ = {isa = PBXFileReference; fileEncoding = 4; lastKnownFileType = file.xib; path = InputBarCell.xib; sourceTree = "<group>"; };
		3FB4F9381FBB305600B91C50 /* keyboard_voice_record@2x.png */ = {isa = PBXFileReference; lastKnownFileType = image.png; path = "keyboard_voice_record@2x.png"; sourceTree = "<group>"; };
		8ECBFFB4CF5040C38BF1F4D9 /* Pods-ZJInputBar_Swift.release.xcconfig */ = {isa = PBXFileReference; includeInIndex = 1; lastKnownFileType = text.xcconfig; name = "Pods-ZJInputBar_Swift.release.xcconfig"; path = "Pods/Target Support Files/Pods-ZJInputBar_Swift/Pods-ZJInputBar_Swift.release.xcconfig"; sourceTree = "<group>"; };
/* End PBXFileReference section */

/* Begin PBXFrameworksBuildPhase section */
		3F7786351C8D101500A50A85 /* Frameworks */ = {
			isa = PBXFrameworksBuildPhase;
			buildActionMask = 2147483647;
			files = (
				020DBF951FBB038100BB3E15 /* libopencore-amrwb.a in Frameworks */,
				020DBF941FBB038100BB3E15 /* libopencore-amrnb.a in Frameworks */,
				29350FC61D5C9C2245FEFDD5 /* Pods_ZJInputBar_Swift.framework in Frameworks */,
			);
			runOnlyForDeploymentPostprocessing = 0;
		};
/* End PBXFrameworksBuildPhase section */

/* Begin PBXGroup section */
		020DBF761FBAFFD900BB3E15 /* Lib */ = {
			isa = PBXGroup;
			children = (
				020DBF771FBAFFD900BB3E15 /* OC */,
			);
			path = Lib;
			sourceTree = "<group>";
		};
		020DBF771FBAFFD900BB3E15 /* OC */ = {
			isa = PBXGroup;
			children = (
				020DBF961FBB040400BB3E15 /* AudioView */,
				020DBF9B1FBB040400BB3E15 /* UIColor_expanded */,
				020DBF7F1FBB038100BB3E15 /* Audio */,
			);
			path = OC;
			sourceTree = "<group>";
		};
		020DBF7F1FBB038100BB3E15 /* Audio */ = {
			isa = PBXGroup;
			children = (
				020DBFA21FBB070F00BB3E15 /* NSString+Common.h */,
				020DBFA11FBB070F00BB3E15 /* NSString+Common.m */,
				020DBF801FBB038100BB3E15 /* amrFileCodec.h */,
				020DBF811FBB038100BB3E15 /* amrFileCodec.m */,
				020DBF821FBB038100BB3E15 /* AudioAmrUtil.h */,
				020DBF831FBB038100BB3E15 /* AudioAmrUtil.m */,
				020DBF841FBB038100BB3E15 /* AudioManager.h */,
				020DBF851FBB038100BB3E15 /* AudioManager.m */,
				020DBF861FBB038100BB3E15 /* opencore-amr-iOS */,
			);
			path = Audio;
			sourceTree = "<group>";
		};
		020DBF861FBB038100BB3E15 /* opencore-amr-iOS */ = {
			isa = PBXGroup;
			children = (
				020DBF871FBB038100BB3E15 /* include */,
				020DBF8E1FBB038100BB3E15 /* lib */,
			);
			path = "opencore-amr-iOS";
			sourceTree = "<group>";
		};
		020DBF871FBB038100BB3E15 /* include */ = {
			isa = PBXGroup;
			children = (
				020DBF881FBB038100BB3E15 /* opencore-amrnb */,
				020DBF8B1FBB038100BB3E15 /* opencore-amrwb */,
			);
			path = include;
			sourceTree = "<group>";
		};
		020DBF881FBB038100BB3E15 /* opencore-amrnb */ = {
			isa = PBXGroup;
			children = (
				020DBF891FBB038100BB3E15 /* interf_dec.h */,
				020DBF8A1FBB038100BB3E15 /* interf_enc.h */,
			);
			path = "opencore-amrnb";
			sourceTree = "<group>";
		};
		020DBF8B1FBB038100BB3E15 /* opencore-amrwb */ = {
			isa = PBXGroup;
			children = (
				020DBF8C1FBB038100BB3E15 /* dec_if.h */,
				020DBF8D1FBB038100BB3E15 /* if_rom.h */,
			);
			path = "opencore-amrwb";
			sourceTree = "<group>";
		};
		020DBF8E1FBB038100BB3E15 /* lib */ = {
			isa = PBXGroup;
			children = (
				020DBF8F1FBB038100BB3E15 /* libopencore-amrnb.a */,
				020DBF901FBB038100BB3E15 /* libopencore-amrwb.a */,
			);
			path = lib;
			sourceTree = "<group>";
		};
		020DBF961FBB040400BB3E15 /* AudioView */ = {
			isa = PBXGroup;
			children = (
				3FB4F9371FBB303F00B91C50 /* images */,
				020DBF971FBB040400BB3E15 /* AudioRecordView.h */,
				020DBF981FBB040400BB3E15 /* AudioRecordView.m */,
				020DBF991FBB040400BB3E15 /* AudioVolumeView.h */,
				020DBF9A1FBB040400BB3E15 /* AudioVolumeView.m */,
			);
			path = AudioView;
			sourceTree = "<group>";
		};
		020DBF9B1FBB040400BB3E15 /* UIColor_expanded */ = {
			isa = PBXGroup;
			children = (
				020DBF9C1FBB040400BB3E15 /* UIColor+Expanded.h */,
				020DBF9D1FBB040400BB3E15 /* UIColor+Expanded.m */,
			);
			path = UIColor_expanded;
			sourceTree = "<group>";
		};
		04259DC88CD7ED72B2CC7B4C /* Pods */ = {
			isa = PBXGroup;
			children = (
				34CBFCA18006CB3767390B80 /* Pods-ZJInputBar_Swift.debug.xcconfig */,
				8ECBFFB4CF5040C38BF1F4D9 /* Pods-ZJInputBar_Swift.release.xcconfig */,
			);
			name = Pods;
			sourceTree = "<group>";
		};
		36904AC1D1CA57653597165F /* Frameworks */ = {
			isa = PBXGroup;
			children = (
				15C525B584484C581FE4E2DF /* Pods_ZJInputBar_Swift.framework */,
			);
			name = Frameworks;
			sourceTree = "<group>";
		};
		3F77862F1C8D101500A50A85 = {
			isa = PBXGroup;
			children = (
				3F77863A1C8D101500A50A85 /* ZJInputBar_Swift */,
				3F7786391C8D101500A50A85 /* Products */,
				04259DC88CD7ED72B2CC7B4C /* Pods */,
				36904AC1D1CA57653597165F /* Frameworks */,
			);
			sourceTree = "<group>";
		};
		3F7786391C8D101500A50A85 /* Products */ = {
			isa = PBXGroup;
			children = (
				3F7786381C8D101500A50A85 /* ZJInputBar_Swift.app */,
			);
			name = Products;
			sourceTree = "<group>";
		};
		3F77863A1C8D101500A50A85 /* ZJInputBar_Swift */ = {
			isa = PBXGroup;
			children = (
				020DBF781FBAFFEB00BB3E15 /* Swift-Bridging-Header.h */,
				020DBF761FBAFFD900BB3E15 /* Lib */,
				3F77864D1C8D104100A50A85 /* UITableViewCell */,
				3F77863B1C8D101500A50A85 /* AppDelegate.swift */,
				3F77863D1C8D101500A50A85 /* ViewController.swift */,
				3F77863F1C8D101500A50A85 /* Main.storyboard */,
				3F7786421C8D101600A50A85 /* Assets.xcassets */,
				3F7786441C8D101600A50A85 /* LaunchScreen.storyboard */,
				3F7786471C8D101600A50A85 /* Info.plist */,
			);
			path = ZJInputBar_Swift;
			sourceTree = "<group>";
		};
		3F77864D1C8D104100A50A85 /* UITableViewCell */ = {
			isa = PBXGroup;
			children = (
				3F77864E1C8D106C00A50A85 /* InputBarCell.swift */,
				3F77864F1C8D106C00A50A85 /* InputBarCell.xib */,
			);
			path = UITableViewCell;
			sourceTree = "<group>";
		};
		3FB4F9371FBB303F00B91C50 /* images */ = {
			isa = PBXGroup;
			children = (
				3FB4F9381FBB305600B91C50 /* keyboard_voice_record@2x.png */,
			);
			path = images;
			sourceTree = "<group>";
		};
/* End PBXGroup section */

/* Begin PBXNativeTarget section */
		3F7786371C8D101500A50A85 /* ZJInputBar_Swift */ = {
			isa = PBXNativeTarget;
			buildConfigurationList = 3F77864A1C8D101600A50A85 /* Build configuration list for PBXNativeTarget "ZJInputBar_Swift" */;
			buildPhases = (
				B7BE639CC30CA3808F07E4A6 /* [CP] Check Pods Manifest.lock */,
				3F7786341C8D101500A50A85 /* Sources */,
				3F7786351C8D101500A50A85 /* Frameworks */,
				3F7786361C8D101500A50A85 /* Resources */,
				11641399CD833819D9BF628D /* [CP] Embed Pods Frameworks */,
				A2ED2A3B891E298E9AA6C0E5 /* [CP] Copy Pods Resources */,
			);
			buildRules = (
			);
			dependencies = (
			);
			name = ZJInputBar_Swift;
			productName = ZJInputBar_Swift;
			productReference = 3F7786381C8D101500A50A85 /* ZJInputBar_Swift.app */;
			productType = "com.apple.product-type.application";
		};
/* End PBXNativeTarget section */

/* Begin PBXProject section */
		3F7786301C8D101500A50A85 /* Project object */ = {
			isa = PBXProject;
			attributes = {
				LastSwiftUpdateCheck = 0720;
				LastUpgradeCheck = 0910;
				ORGANIZATIONNAME = "张剑";
				TargetAttributes = {
					3F7786371C8D101500A50A85 = {
						CreatedOnToolsVersion = 7.2.1;
						DevelopmentTeam = ZE78BS9TBK;
						LastSwiftMigration = 0910;
					};
				};
			};
			buildConfigurationList = 3F7786331C8D101500A50A85 /* Build configuration list for PBXProject "ZJInputBar_Swift" */;
			compatibilityVersion = "Xcode 3.2";
			developmentRegion = English;
			hasScannedForEncodings = 0;
			knownRegions = (
				en,
				Base,
			);
			mainGroup = 3F77862F1C8D101500A50A85;
			productRefGroup = 3F7786391C8D101500A50A85 /* Products */;
			projectDirPath = "";
			projectRoot = "";
			targets = (
				3F7786371C8D101500A50A85 /* ZJInputBar_Swift */,
			);
		};
/* End PBXProject section */

/* Begin PBXResourcesBuildPhase section */
		3F7786361C8D101500A50A85 /* Resources */ = {
			isa = PBXResourcesBuildPhase;
			buildActionMask = 2147483647;
			files = (
				3F7786461C8D101600A50A85 /* LaunchScreen.storyboard in Resources */,
				3F7786431C8D101600A50A85 /* Assets.xcassets in Resources */,
				3F7786511C8D106C00A50A85 /* InputBarCell.xib in Resources */,
				3FB4F9391FBB305600B91C50 /* keyboard_voice_record@2x.png in Resources */,
				3F7786411C8D101500A50A85 /* Main.storyboard in Resources */,
			);
			runOnlyForDeploymentPostprocessing = 0;
		};
/* End PBXResourcesBuildPhase section */

/* Begin PBXShellScriptBuildPhase section */
		11641399CD833819D9BF628D /* [CP] Embed Pods Frameworks */ = {
			isa = PBXShellScriptBuildPhase;
			buildActionMask = 2147483647;
			files = (
			);
			inputPaths = (
				"${SRCROOT}/Pods/Target Support Files/Pods-ZJInputBar_Swift/Pods-ZJInputBar_Swift-frameworks.sh",
				"${BUILT_PRODUCTS_DIR}/SnapKit/SnapKit.framework",
			);
			name = "[CP] Embed Pods Frameworks";
			outputPaths = (
				"${TARGET_BUILD_DIR}/${FRAMEWORKS_FOLDER_PATH}/SnapKit.framework",
			);
			runOnlyForDeploymentPostprocessing = 0;
			shellPath = /bin/sh;
			shellScript = "\"${SRCROOT}/Pods/Target Support Files/Pods-ZJInputBar_Swift/Pods-ZJInputBar_Swift-frameworks.sh\"\n";
			showEnvVarsInLog = 0;
		};
		A2ED2A3B891E298E9AA6C0E5 /* [CP] Copy Pods Resources */ = {
			isa = PBXShellScriptBuildPhase;
			buildActionMask = 2147483647;
			files = (
			);
			inputPaths = (
			);
			name = "[CP] Copy Pods Resources";
			outputPaths = (
			);
			runOnlyForDeploymentPostprocessing = 0;
			shellPath = /bin/sh;
			shellScript = "\"${SRCROOT}/Pods/Target Support Files/Pods-ZJInputBar_Swift/Pods-ZJInputBar_Swift-resources.sh\"\n";
			showEnvVarsInLog = 0;
		};
		B7BE639CC30CA3808F07E4A6 /* [CP] Check Pods Manifest.lock */ = {
			isa = PBXShellScriptBuildPhase;
			buildActionMask = 2147483647;
			files = (
			);
			inputPaths = (
				"${PODS_PODFILE_DIR_PATH}/Podfile.lock",
				"${PODS_ROOT}/Manifest.lock",
			);
			name = "[CP] Check Pods Manifest.lock";
			outputPaths = (
				"$(DERIVED_FILE_DIR)/Pods-ZJInputBar_Swift-checkManifestLockResult.txt",
			);
			runOnlyForDeploymentPostprocessing = 0;
			shellPath = /bin/sh;
			shellScript = "diff \"${PODS_ROOT}/../Podfile.lock\" \"${PODS_ROOT}/Manifest.lock\" > /dev/null\nif [ $? != 0 ] ; then\n    # print error to STDERR\n    echo \"error: The sandbox is not in sync with the Podfile.lock. Run 'pod install' or update your CocoaPods installation.\" >&2\n    exit 1\nfi\n";
			showEnvVarsInLog = 0;
		};
/* End PBXShellScriptBuildPhase section */

/* Begin PBXSourcesBuildPhase section */
		3F7786341C8D101500A50A85 /* Sources */ = {
			isa = PBXSourcesBuildPhase;
			buildActionMask = 2147483647;
			files = (
				3F7786501C8D106C00A50A85 /* InputBarCell.swift in Sources */,
				020DBF9F1FBB040500BB3E15 /* AudioVolumeView.m in Sources */,
				020DBFA01FBB040500BB3E15 /* UIColor+Expanded.m in Sources */,
				020DBF9E1FBB040500BB3E15 /* AudioRecordView.m in Sources */,
				020DBFA31FBB070F00BB3E15 /* NSString+Common.m in Sources */,
				020DBF921FBB038100BB3E15 /* AudioAmrUtil.m in Sources */,
				3F77863E1C8D101500A50A85 /* ViewController.swift in Sources */,
				3F77863C1C8D101500A50A85 /* AppDelegate.swift in Sources */,
				020DBF931FBB038100BB3E15 /* AudioManager.m in Sources */,
				020DBF911FBB038100BB3E15 /* amrFileCodec.m in Sources */,
			);
			runOnlyForDeploymentPostprocessing = 0;
		};
/* End PBXSourcesBuildPhase section */

/* Begin PBXVariantGroup section */
		3F77863F1C8D101500A50A85 /* Main.storyboard */ = {
			isa = PBXVariantGroup;
			children = (
				3F7786401C8D101500A50A85 /* Base */,
			);
			name = Main.storyboard;
			sourceTree = "<group>";
		};
		3F7786441C8D101600A50A85 /* LaunchScreen.storyboard */ = {
			isa = PBXVariantGroup;
			children = (
				3F7786451C8D101600A50A85 /* Base */,
			);
			name = LaunchScreen.storyboard;
			sourceTree = "<group>";
		};
/* End PBXVariantGroup section */

/* Begin XCBuildConfiguration section */
		3F7786481C8D101600A50A85 /* Debug */ = {
			isa = XCBuildConfiguration;
			buildSettings = {
				ALWAYS_SEARCH_USER_PATHS = NO;
				CLANG_CXX_LANGUAGE_STANDARD = "gnu++0x";
				CLANG_CXX_LIBRARY = "libc++";
				CLANG_ENABLE_MODULES = YES;
				CLANG_ENABLE_OBJC_ARC = YES;
				CLANG_WARN_BLOCK_CAPTURE_AUTORELEASING = YES;
				CLANG_WARN_BOOL_CONVERSION = YES;
				CLANG_WARN_COMMA = YES;
				CLANG_WARN_CONSTANT_CONVERSION = YES;
				CLANG_WARN_DIRECT_OBJC_ISA_USAGE = YES_ERROR;
				CLANG_WARN_EMPTY_BODY = YES;
				CLANG_WARN_ENUM_CONVERSION = YES;
				CLANG_WARN_INFINITE_RECURSION = YES;
				CLANG_WARN_INT_CONVERSION = YES;
				CLANG_WARN_NON_LITERAL_NULL_CONVERSION = YES;
				CLANG_WARN_OBJC_LITERAL_CONVERSION = YES;
				CLANG_WARN_OBJC_ROOT_CLASS = YES_ERROR;
				CLANG_WARN_RANGE_LOOP_ANALYSIS = YES;
				CLANG_WARN_STRICT_PROTOTYPES = YES;
				CLANG_WARN_SUSPICIOUS_MOVE = YES;
				CLANG_WARN_UNREACHABLE_CODE = YES;
				CLANG_WARN__DUPLICATE_METHOD_MATCH = YES;
				"CODE_SIGN_IDENTITY[sdk=iphoneos*]" = "iPhone Developer";
				COPY_PHASE_STRIP = NO;
				DEBUG_INFORMATION_FORMAT = dwarf;
				ENABLE_STRICT_OBJC_MSGSEND = YES;
				ENABLE_TESTABILITY = YES;
				GCC_C_LANGUAGE_STANDARD = gnu99;
				GCC_DYNAMIC_NO_PIC = NO;
				GCC_NO_COMMON_BLOCKS = YES;
				GCC_OPTIMIZATION_LEVEL = 0;
				GCC_PREPROCESSOR_DEFINITIONS = (
					"DEBUG=1",
					"$(inherited)",
				);
				GCC_WARN_64_TO_32_BIT_CONVERSION = YES;
				GCC_WARN_ABOUT_RETURN_TYPE = YES_ERROR;
				GCC_WARN_UNDECLARED_SELECTOR = YES;
				GCC_WARN_UNINITIALIZED_AUTOS = YES_AGGRESSIVE;
				GCC_WARN_UNUSED_FUNCTION = YES;
				GCC_WARN_UNUSED_VARIABLE = YES;
				IPHONEOS_DEPLOYMENT_TARGET = 9.2;
				MTL_ENABLE_DEBUG_INFO = YES;
				ONLY_ACTIVE_ARCH = YES;
				SDKROOT = iphoneos;
				SWIFT_OPTIMIZATION_LEVEL = "-Onone";
			};
			name = Debug;
		};
		3F7786491C8D101600A50A85 /* Release */ = {
			isa = XCBuildConfiguration;
			buildSettings = {
				ALWAYS_SEARCH_USER_PATHS = NO;
				CLANG_CXX_LANGUAGE_STANDARD = "gnu++0x";
				CLANG_CXX_LIBRARY = "libc++";
				CLANG_ENABLE_MODULES = YES;
				CLANG_ENABLE_OBJC_ARC = YES;
				CLANG_WARN_BLOCK_CAPTURE_AUTORELEASING = YES;
				CLANG_WARN_BOOL_CONVERSION = YES;
				CLANG_WARN_COMMA = YES;
				CLANG_WARN_CONSTANT_CONVERSION = YES;
				CLANG_WARN_DIRECT_OBJC_ISA_USAGE = YES_ERROR;
				CLANG_WARN_EMPTY_BODY = YES;
				CLANG_WARN_ENUM_CONVERSION = YES;
				CLANG_WARN_INFINITE_RECURSION = YES;
				CLANG_WARN_INT_CONVERSION = YES;
				CLANG_WARN_NON_LITERAL_NULL_CONVERSION = YES;
				CLANG_WARN_OBJC_LITERAL_CONVERSION = YES;
				CLANG_WARN_OBJC_ROOT_CLASS = YES_ERROR;
				CLANG_WARN_RANGE_LOOP_ANALYSIS = YES;
				CLANG_WARN_STRICT_PROTOTYPES = YES;
				CLANG_WARN_SUSPICIOUS_MOVE = YES;
				CLANG_WARN_UNREACHABLE_CODE = YES;
				CLANG_WARN__DUPLICATE_METHOD_MATCH = YES;
				"CODE_SIGN_IDENTITY[sdk=iphoneos*]" = "iPhone Developer";
				COPY_PHASE_STRIP = NO;
				DEBUG_INFORMATION_FORMAT = "dwarf-with-dsym";
				ENABLE_NS_ASSERTIONS = NO;
				ENABLE_STRICT_OBJC_MSGSEND = YES;
				GCC_C_LANGUAGE_STANDARD = gnu99;
				GCC_NO_COMMON_BLOCKS = YES;
				GCC_WARN_64_TO_32_BIT_CONVERSION = YES;
				GCC_WARN_ABOUT_RETURN_TYPE = YES_ERROR;
				GCC_WARN_UNDECLARED_SELECTOR = YES;
				GCC_WARN_UNINITIALIZED_AUTOS = YES_AGGRESSIVE;
				GCC_WARN_UNUSED_FUNCTION = YES;
				GCC_WARN_UNUSED_VARIABLE = YES;
				IPHONEOS_DEPLOYMENT_TARGET = 9.2;
				MTL_ENABLE_DEBUG_INFO = NO;
				SDKROOT = iphoneos;
				SWIFT_OPTIMIZATION_LEVEL = "-Owholemodule";
				VALIDATE_PRODUCT = YES;
			};
			name = Release;
		};
		3F77864B1C8D101600A50A85 /* Debug */ = {
			isa = XCBuildConfiguration;
			baseConfigurationReference = 34CBFCA18006CB3767390B80 /* Pods-ZJInputBar_Swift.debug.xcconfig */;
			buildSettings = {
				ASSETCATALOG_COMPILER_APPICON_NAME = AppIcon;
				CLANG_ENABLE_MODULES = YES;
				CODE_SIGN_IDENTITY = "iPhone Developer";
				DEVELOPMENT_TEAM = ZE78BS9TBK;
				ENABLE_BITCODE = NO;
				INFOPLIST_FILE = ZJInputBar_Swift/Info.plist;
				LD_RUNPATH_SEARCH_PATHS = "$(inherited) @executable_path/Frameworks";
				LIBRARY_SEARCH_PATHS = (
					"$(inherited)",
					"$(PROJECT_DIR)/ZJInputBar_Swift/Lib/OC/Audio/opencore-amr-iOS/lib",
				);
				PRODUCT_BUNDLE_IDENTIFIER = "cn.psvmc.ZJInputBar-Swift";
				PRODUCT_NAME = "$(TARGET_NAME)";
				SWIFT_OBJC_BRIDGING_HEADER = "$(SWIFT_MODULE_NAME)/Swift-Bridging-Header.h";
				SWIFT_OPTIMIZATION_LEVEL = "-Onone";
				SWIFT_SWIFT3_OBJC_INFERENCE = Default;
				SWIFT_VERSION = 4.0;
			};
			name = Debug;
		};
		3F77864C1C8D101600A50A85 /* Release */ = {
			isa = XCBuildConfiguration;
			baseConfigurationReference = 8ECBFFB4CF5040C38BF1F4D9 /* Pods-ZJInputBar_Swift.release.xcconfig */;
			buildSettings = {
				ASSETCATALOG_COMPILER_APPICON_NAME = AppIcon;
				CLANG_ENABLE_MODULES = YES;
				CODE_SIGN_IDENTITY = "iPhone Developer";
				DEVELOPMENT_TEAM = ZE78BS9TBK;
				ENABLE_BITCODE = NO;
				INFOPLIST_FILE = ZJInputBar_Swift/Info.plist;
				LD_RUNPATH_SEARCH_PATHS = "$(inherited) @executable_path/Frameworks";
				LIBRARY_SEARCH_PATHS = (
					"$(inherited)",
					"$(PROJECT_DIR)/ZJInputBar_Swift/Lib/OC/Audio/opencore-amr-iOS/lib",
				);
				PRODUCT_BUNDLE_IDENTIFIER = "cn.psvmc.ZJInputBar-Swift";
				PRODUCT_NAME = "$(TARGET_NAME)";
				SWIFT_OBJC_BRIDGING_HEADER = "$(SWIFT_MODULE_NAME)/Swift-Bridging-Header.h";
				SWIFT_SWIFT3_OBJC_INFERENCE = Default;
				SWIFT_VERSION = 4.0;
			};
			name = Release;
		};
/* End XCBuildConfiguration section */

/* Begin XCConfigurationList section */
		3F7786331C8D101500A50A85 /* Build configuration list for PBXProject "ZJInputBar_Swift" */ = {
			isa = XCConfigurationList;
			buildConfigurations = (
				3F7786481C8D101600A50A85 /* Debug */,
				3F7786491C8D101600A50A85 /* Release */,
			);
			defaultConfigurationIsVisible = 0;
			defaultConfigurationName = Release;
		};
		3F77864A1C8D101600A50A85 /* Build configuration list for PBXNativeTarget "ZJInputBar_Swift" */ = {
			isa = XCConfigurationList;
			buildConfigurations = (
				3F77864B1C8D101600A50A85 /* Debug */,
				3F77864C1C8D101600A50A85 /* Release */,
			);
			defaultConfigurationIsVisible = 0;
			defaultConfigurationName = Release;
		};
/* End XCConfigurationList section */
	};
	rootObject = 3F7786301C8D101500A50A85 /* Project object */;
}
